// !$*UTF8*$!
{
	archiveVersion = 1;
	classes = {
	};
	objectVersion = 46;
	objects = {

/* Begin PBXBuildFile section */
		9DDCF4DC134D4DCF00643F87 /* Cocoa.framework in Frameworks */ = {isa = PBXBuildFile; fileRef = 9DDCF4DB134D4DCF00643F87 /* Cocoa.framework */; };
		9DDCF4E6134D4DD000643F87 /* InfoPlist.strings in Resources */ = {isa = PBXBuildFile; fileRef = 9DDCF4E4134D4DD000643F87 /* InfoPlist.strings */; };
		9DDCF4EF134D4DD000643F87 /* Servicer.m in Sources */ = {isa = PBXBuildFile; fileRef = 9DDCF4EE134D4DD000643F87 /* Servicer.m */; };
		9DDCF4F2134D4DD000643F87 /* Servicer.xib in Resources */ = {isa = PBXBuildFile; fileRef = 9DDCF4F0134D4DD000643F87 /* Servicer.xib */; };
		9DDCF4F5134D4DD000643F87 /* MainMenu.xib in Resources */ = {isa = PBXBuildFile; fileRef = 9DDCF4F3134D4DD000643F87 /* MainMenu.xib */; };
		9DDCF517134D713600643F87 /* HttpHeader.m in Sources */ = {isa = PBXBuildFile; fileRef = 9DDCF516134D713600643F87 /* HttpHeader.m */; };
		9DDCF51E134D718C00643F87 /* Credits.rtf in Resources */ = {isa = PBXBuildFile; fileRef = 9DDCF518134D718C00643F87 /* Credits.rtf */; };
		9DDCF51F134D718C00643F87 /* default.icns in Resources */ = {isa = PBXBuildFile; fileRef = 9DDCF519134D718C00643F87 /* default.icns */; };
		9DDCF522134D718C00643F87 /* RESTtestHelp in Resources */ = {isa = PBXBuildFile; fileRef = 9DDCF51D134D718C00643F87 /* RESTtestHelp */; };
		9DDCF52A134D729000643F87 /* main.m in Sources */ = {isa = PBXBuildFile; fileRef = 9DDCF527134D729000643F87 /* main.m */; };
/* End PBXBuildFile section */

/* Begin PBXFileReference section */
		9D21E885134D730C00CF2C80 /* RESTtest-Info.plist */ = {isa = PBXFileReference; fileEncoding = 4; lastKnownFileType = text.plist.xml; path = "RESTtest-Info.plist"; sourceTree = "<group>"; };
		9DDCF4D7134D4DCF00643F87 /* RESTtest.app */ = {isa = PBXFileReference; explicitFileType = wrapper.application; includeInIndex = 0; path = RESTtest.app; sourceTree = BUILT_PRODUCTS_DIR; };
		9DDCF4DB134D4DCF00643F87 /* Cocoa.framework */ = {isa = PBXFileReference; lastKnownFileType = wrapper.framework; name = Cocoa.framework; path = System/Library/Frameworks/Cocoa.framework; sourceTree = SDKROOT; };
		9DDCF4DE134D4DCF00643F87 /* AppKit.framework */ = {isa = PBXFileReference; lastKnownFileType = wrapper.framework; name = AppKit.framework; path = System/Library/Frameworks/AppKit.framework; sourceTree = SDKROOT; };
		9DDCF4DF134D4DCF00643F87 /* CoreData.framework */ = {isa = PBXFileReference; lastKnownFileType = wrapper.framework; name = CoreData.framework; path = System/Library/Frameworks/CoreData.framework; sourceTree = SDKROOT; };
		9DDCF4E0134D4DCF00643F87 /* Foundation.framework */ = {isa = PBXFileReference; lastKnownFileType = wrapper.framework; name = Foundation.framework; path = System/Library/Frameworks/Foundation.framework; sourceTree = SDKROOT; };
		9DDCF4E5134D4DD000643F87 /* en */ = {isa = PBXFileReference; lastKnownFileType = text.plist.strings; name = en; path = en.lproj/InfoPlist.strings; sourceTree = "<group>"; };
		9DDCF4ED134D4DD000643F87 /* Servicer.h */ = {isa = PBXFileReference; lastKnownFileType = sourcecode.c.h; path = Servicer.h; sourceTree = "<group>"; };
		9DDCF4EE134D4DD000643F87 /* Servicer.m */ = {isa = PBXFileReference; lastKnownFileType = sourcecode.c.objc; path = Servicer.m; sourceTree = "<group>"; };
		9DDCF4F1134D4DD000643F87 /* en */ = {isa = PBXFileReference; lastKnownFileType = file.xib; name = en; path = en.lproj/Servicer.xib; sourceTree = "<group>"; };
		9DDCF4F4134D4DD000643F87 /* en */ = {isa = PBXFileReference; lastKnownFileType = file.xib; name = en; path = en.lproj/MainMenu.xib; sourceTree = "<group>"; };
		9DDCF515134D713600643F87 /* HttpHeader.h */ = {isa = PBXFileReference; fileEncoding = 4; lastKnownFileType = sourcecode.c.h; name = HttpHeader.h; path = Models/HttpHeader.h; sourceTree = "<group>"; };
		9DDCF516134D713600643F87 /* HttpHeader.m */ = {isa = PBXFileReference; fileEncoding = 4; lastKnownFileType = sourcecode.c.objc; name = HttpHeader.m; path = Models/HttpHeader.m; sourceTree = "<group>"; };
		9DDCF518134D718C00643F87 /* Credits.rtf */ = {isa = PBXFileReference; fileEncoding = 4; lastKnownFileType = text.rtf; name = Credits.rtf; path = SupportingFiles/Credits.rtf; sourceTree = "<group>"; };
		9DDCF519134D718C00643F87 /* default.icns */ = {isa = PBXFileReference; lastKnownFileType = image.icns; name = default.icns; path = SupportingFiles/default.icns; sourceTree = "<group>"; };
		9DDCF51D134D718C00643F87 /* RESTtestHelp */ = {isa = PBXFileReference; lastKnownFileType = folder; name = RESTtestHelp; path = SupportingFiles/RESTtestHelp; sourceTree = "<group>"; };
		9DDCF527134D729000643F87 /* main.m */ = {isa = PBXFileReference; fileEncoding = 4; lastKnownFileType = sourcecode.c.objc; path = main.m; sourceTree = "<group>"; };
		9DDCF529134D729000643F87 /* RESTtest-Prefix.pch */ = {isa = PBXFileReference; fileEncoding = 4; lastKnownFileType = sourcecode.c.h; path = "RESTtest-Prefix.pch"; sourceTree = "<group>"; };
/* End PBXFileReference section */

/* Begin PBXFrameworksBuildPhase section */
		9DDCF4D4134D4DCF00643F87 /* Frameworks */ = {
			isa = PBXFrameworksBuildPhase;
			buildActionMask = 2147483647;
			files = (
				9DDCF4DC134D4DCF00643F87 /* Cocoa.framework in Frameworks */,
			);
			runOnlyForDeploymentPostprocessing = 0;
		};
/* End PBXFrameworksBuildPhase section */

/* Begin PBXGroup section */
		9DDCF4CC134D4DCF00643F87 = {
			isa = PBXGroup;
			children = (
				9DDCF4E1134D4DCF00643F87 /* RESTtest */,
				9DDCF4DA134D4DCF00643F87 /* Frameworks */,
				9DDCF4D8134D4DCF00643F87 /* Products */,
			);
			sourceTree = "<group>";
		};
		9DDCF4D8134D4DCF00643F87 /* Products */ = {
			isa = PBXGroup;
			children = (
				9DDCF4D7134D4DCF00643F87 /* RESTtest.app */,
			);
			name = Products;
			sourceTree = "<group>";
		};
		9DDCF4DA134D4DCF00643F87 /* Frameworks */ = {
			isa = PBXGroup;
			children = (
				9DDCF4DB134D4DCF00643F87 /* Cocoa.framework */,
				9DDCF4DD134D4DCF00643F87 /* Other Frameworks */,
			);
			name = Frameworks;
			sourceTree = "<group>";
		};
		9DDCF4DD134D4DCF00643F87 /* Other Frameworks */ = {
			isa = PBXGroup;
			children = (
				9DDCF4DE134D4DCF00643F87 /* AppKit.framework */,
				9DDCF4DF134D4DCF00643F87 /* CoreData.framework */,
				9DDCF4E0134D4DCF00643F87 /* Foundation.framework */,
			);
			name = "Other Frameworks";
			sourceTree = "<group>";
		};
		9DDCF4E1134D4DCF00643F87 /* RESTtest */ = {
			isa = PBXGroup;
			children = (
				9DDCF503134D510600643F87 /* Models */,
				9DDCF4ED134D4DD000643F87 /* Servicer.h */,
				9DDCF4EE134D4DD000643F87 /* Servicer.m */,
				9DDCF4F0134D4DD000643F87 /* Servicer.xib */,
				9DDCF4F3134D4DD000643F87 /* MainMenu.xib */,
				9DDCF4E2134D4DD000643F87 /* Supporting Files */,
			);
			path = RESTtest;
			sourceTree = "<group>";
		};
		9DDCF4E2134D4DD000643F87 /* Supporting Files */ = {
			isa = PBXGroup;
			children = (
				9DDCF51D134D718C00643F87 /* RESTtestHelp */,
				9DDCF518134D718C00643F87 /* Credits.rtf */,
				9DDCF527134D729000643F87 /* main.m */,
				9D21E885134D730C00CF2C80 /* RESTtest-Info.plist */,
				9DDCF529134D729000643F87 /* RESTtest-Prefix.pch */,
				9DDCF519134D718C00643F87 /* default.icns */,
				9DDCF4E4134D4DD000643F87 /* InfoPlist.strings */,
			);
			name = "Supporting Files";
			sourceTree = "<group>";
		};
		9DDCF503134D510600643F87 /* Models */ = {
			isa = PBXGroup;
			children = (
				9DDCF515134D713600643F87 /* HttpHeader.h */,
				9DDCF516134D713600643F87 /* HttpHeader.m */,
			);
			name = Models;
			sourceTree = "<group>";
		};
/* End PBXGroup section */

/* Begin PBXNativeTarget section */
		9DDCF4D6134D4DCF00643F87 /* RESTtest */ = {
			isa = PBXNativeTarget;
			buildConfigurationList = 9DDCF4F8134D4DD000643F87 /* Build configuration list for PBXNativeTarget "RESTtest" */;
			buildPhases = (
				9DDCF4D3134D4DCF00643F87 /* Sources */,
				9DDCF4D4134D4DCF00643F87 /* Frameworks */,
				9DDCF4D5134D4DCF00643F87 /* Resources */,
			);
			buildRules = (
			);
			dependencies = (
			);
			name = RESTtest;
			productName = RESTtest;
			productReference = 9DDCF4D7134D4DCF00643F87 /* RESTtest.app */;
			productType = "com.apple.product-type.application";
		};
/* End PBXNativeTarget section */

/* Begin PBXProject section */
		9DDCF4CE134D4DCF00643F87 /* Project object */ = {
			isa = PBXProject;
			buildConfigurationList = 9DDCF4D1134D4DCF00643F87 /* Build configuration list for PBXProject "RESTtest" */;
			compatibilityVersion = "Xcode 3.2";
			developmentRegion = English;
			hasScannedForEncodings = 0;
			knownRegions = (
				en,
			);
			mainGroup = 9DDCF4CC134D4DCF00643F87;
			productRefGroup = 9DDCF4D8134D4DCF00643F87 /* Products */;
			projectDirPath = "";
			projectRoot = "";
			targets = (
				9DDCF4D6134D4DCF00643F87 /* RESTtest */,
			);
		};
/* End PBXProject section */

/* Begin PBXResourcesBuildPhase section */
		9DDCF4D5134D4DCF00643F87 /* Resources */ = {
			isa = PBXResourcesBuildPhase;
			buildActionMask = 2147483647;
			files = (
				9DDCF4E6134D4DD000643F87 /* InfoPlist.strings in Resources */,
				9DDCF4F2134D4DD000643F87 /* Servicer.xib in Resources */,
				9DDCF4F5134D4DD000643F87 /* MainMenu.xib in Resources */,
				9DDCF51E134D718C00643F87 /* Credits.rtf in Resources */,
				9DDCF51F134D718C00643F87 /* default.icns in Resources */,
				9DDCF522134D718C00643F87 /* RESTtestHelp in Resources */,
			);
			runOnlyForDeploymentPostprocessing = 0;
		};
/* End PBXResourcesBuildPhase section */

/* Begin PBXSourcesBuildPhase section */
		9DDCF4D3134D4DCF00643F87 /* Sources */ = {
			isa = PBXSourcesBuildPhase;
			buildActionMask = 2147483647;
			files = (
				9DDCF4EF134D4DD000643F87 /* Servicer.m in Sources */,
				9DDCF517134D713600643F87 /* HttpHeader.m in Sources */,
				9DDCF52A134D729000643F87 /* main.m in Sources */,
			);
			runOnlyForDeploymentPostprocessing = 0;
		};
/* End PBXSourcesBuildPhase section */

/* Begin PBXVariantGroup section */
		9DDCF4E4134D4DD000643F87 /* InfoPlist.strings */ = {
			isa = PBXVariantGroup;
			children = (
				9DDCF4E5134D4DD000643F87 /* en */,
			);
			name = InfoPlist.strings;
			sourceTree = "<group>";
		};
		9DDCF4F0134D4DD000643F87 /* Servicer.xib */ = {
			isa = PBXVariantGroup;
			children = (
				9DDCF4F1134D4DD000643F87 /* en */,
			);
			name = Servicer.xib;
			sourceTree = "<group>";
		};
		9DDCF4F3134D4DD000643F87 /* MainMenu.xib */ = {
			isa = PBXVariantGroup;
			children = (
				9DDCF4F4134D4DD000643F87 /* en */,
			);
			name = MainMenu.xib;
			sourceTree = "<group>";
		};
/* End PBXVariantGroup section */

/* Begin XCBuildConfiguration section */
		9DDCF4F6134D4DD000643F87 /* Debug */ = {
			isa = XCBuildConfiguration;
			buildSettings = {
				ARCHS = "$(ARCHS_STANDARD_32_64_BIT)";
				GCC_C_LANGUAGE_STANDARD = gnu99;
				GCC_OPTIMIZATION_LEVEL = 0;
				GCC_PREPROCESSOR_DEFINITIONS = DEBUG;
				GCC_SYMBOLS_PRIVATE_EXTERN = NO;
				GCC_VERSION = com.apple.compilers.llvm.clang.1_0;
				GCC_WARN_64_TO_32_BIT_CONVERSION = YES;
				GCC_WARN_ABOUT_RETURN_TYPE = YES;
				GCC_WARN_UNUSED_VARIABLE = YES;
				MACOSX_DEPLOYMENT_TARGET = 10.6;
				ONLY_ACTIVE_ARCH = YES;
				SDKROOT = macosx;
			};
			name = Debug;
		};
		9DDCF4F7134D4DD000643F87 /* Release */ = {
			isa = XCBuildConfiguration;
			buildSettings = {
				ARCHS = "$(ARCHS_STANDARD_32_64_BIT)";
				GCC_C_LANGUAGE_STANDARD = gnu99;
				GCC_VERSION = com.apple.compilers.llvm.clang.1_0;
				GCC_WARN_64_TO_32_BIT_CONVERSION = YES;
				GCC_WARN_ABOUT_RETURN_TYPE = YES;
				GCC_WARN_UNUSED_VARIABLE = YES;
				MACOSX_DEPLOYMENT_TARGET = 10.6;
				SDKROOT = macosx;
			};
			name = Release;
		};
		9DDCF4F9134D4DD000643F87 /* Debug */ = {
			isa = XCBuildConfiguration;
			buildSettings = {
				ALWAYS_SEARCH_USER_PATHS = NO;
				CODE_SIGN_IDENTITY = "3rd Party Mac Developer Application: Matthew Mondok";
				COPY_PHASE_STRIP = NO;
				GCC_DYNAMIC_NO_PIC = NO;
				GCC_ENABLE_OBJC_EXCEPTIONS = YES;
				GCC_PRECOMPILE_PREFIX_HEADER = YES;
				GCC_PREFIX_HEADER = "RESTtest/RESTtest-Prefix.pch";
				INFOPLIST_FILE = "RESTtest/RESTtest-Info.plist";
				PRODUCT_NAME = "$(TARGET_NAME)";
				WRAPPER_EXTENSION = app;
			};
			name = Debug;
		};
		9DDCF4FA134D4DD000643F87 /* Release */ = {
			isa = XCBuildConfiguration;
			buildSettings = {
				ALWAYS_SEARCH_USER_PATHS = NO;
				CODE_SIGN_IDENTITY = "3rd Party Mac Developer Application: Matthew Mondok";
				COPY_PHASE_STRIP = YES;
				DEBUG_INFORMATION_FORMAT = "dwarf-with-dsym";
				GCC_ENABLE_OBJC_EXCEPTIONS = YES;
				GCC_PRECOMPILE_PREFIX_HEADER = YES;
				GCC_PREFIX_HEADER = "RESTtest/RESTtest-Prefix.pch";
				INFOPLIST_FILE = "RESTtest/RESTtest-Info.plist";
				PRODUCT_NAME = "$(TARGET_NAME)";
				WRAPPER_EXTENSION = app;
			};
			name = Release;
		};
/* End XCBuildConfiguration section */

/* Begin XCConfigurationList section */
		9DDCF4D1134D4DCF00643F87 /* Build configuration list for PBXProject "RESTtest" */ = {
			isa = XCConfigurationList;
			buildConfigurations = (
				9DDCF4F6134D4DD000643F87 /* Debug */,
				9DDCF4F7134D4DD000643F87 /* Release */,
			);
			defaultConfigurationIsVisible = 0;
			defaultConfigurationName = Release;
		};
		9DDCF4F8134D4DD000643F87 /* Build configuration list for PBXNativeTarget "RESTtest" */ = {
			isa = XCConfigurationList;
			buildConfigurations = (
				9DDCF4F9134D4DD000643F87 /* Debug */,
				9DDCF4FA134D4DD000643F87 /* Release */,
			);
			defaultConfigurationIsVisible = 0;
			defaultConfigurationName = Release;
		};
/* End XCConfigurationList section */
	};
	rootObject = 9DDCF4CE134D4DCF00643F87 /* Project object */;
}
