// !$*UTF8*$!
{
	archiveVersion = 1;
	classes = {
	};
	objectVersion = 46;
	objects = {

/* Begin PBXBuildFile section */
		9D325BD5133ED96D00283DC0 /* Icon.png in Resources */ = {isa = PBXBuildFile; fileRef = 9D325BD4133ED96D00283DC0 /* Icon.png */; };
		9DBA1B3B133EE47E00569286 /* RESTtestHelp in Resources */ = {isa = PBXBuildFile; fileRef = 9DBA1B3A133EE47E00569286 /* RESTtestHelp */; };
		C789304A132C6FEE00D76EC2 /* HttpHeader.m in Sources */ = {isa = PBXBuildFile; fileRef = C7893049132C6FEE00D76EC2 /* HttpHeader.m */; };
		C78F43E51330613C0062BAE3 /* Credits.rtf in Resources */ = {isa = PBXBuildFile; fileRef = C78F43E41330613C0062BAE3 /* Credits.rtf */; };
		C7FBBA82132C623300C301D7 /* Cocoa.framework in Frameworks */ = {isa = PBXBuildFile; fileRef = C7FBBA81132C623300C301D7 /* Cocoa.framework */; };
		C7FBBA8C132C623300C301D7 /* InfoPlist.strings in Resources */ = {isa = PBXBuildFile; fileRef = C7FBBA8A132C623300C301D7 /* InfoPlist.strings */; };
		C7FBBA8F132C623300C301D7 /* main.m in Sources */ = {isa = PBXBuildFile; fileRef = C7FBBA8E132C623300C301D7 /* main.m */; };
		C7FBBA95132C623400C301D7 /* RestTestAppDelegate.m in Sources */ = {isa = PBXBuildFile; fileRef = C7FBBA94132C623400C301D7 /* RestTestAppDelegate.m */; };
		C7FBBA98132C623400C301D7 /* MainMenu.xib in Resources */ = {isa = PBXBuildFile; fileRef = C7FBBA96132C623400C301D7 /* MainMenu.xib */; };
		C7FBBAA6132C657300C301D7 /* MainViewController.m in Sources */ = {isa = PBXBuildFile; fileRef = C7FBBAA4132C657300C301D7 /* MainViewController.m */; };
/* End PBXBuildFile section */

/* Begin PBXFileReference section */
		9D325BD4133ED96D00283DC0 /* Icon.png */ = {isa = PBXFileReference; lastKnownFileType = image.png; path = Icon.png; sourceTree = "<group>"; };
		9DBA1B33133EE0FC00569286 /* RESTtest.app */ = {isa = PBXFileReference; explicitFileType = wrapper.application; includeInIndex = 0; path = RESTtest.app; sourceTree = BUILT_PRODUCTS_DIR; };
		9DBA1B3A133EE47E00569286 /* RESTtestHelp */ = {isa = PBXFileReference; lastKnownFileType = folder; path = RESTtestHelp; sourceTree = "<group>"; };
		C7893048132C6FEE00D76EC2 /* HttpHeader.h */ = {isa = PBXFileReference; fileEncoding = 4; lastKnownFileType = sourcecode.c.h; path = HttpHeader.h; sourceTree = "<group>"; };
		C7893049132C6FEE00D76EC2 /* HttpHeader.m */ = {isa = PBXFileReference; fileEncoding = 4; lastKnownFileType = sourcecode.c.objc; path = HttpHeader.m; sourceTree = "<group>"; };
		C78F43E41330613C0062BAE3 /* Credits.rtf */ = {isa = PBXFileReference; fileEncoding = 4; lastKnownFileType = text.rtf; path = Credits.rtf; sourceTree = "<group>"; };
		C7FBBA81132C623300C301D7 /* Cocoa.framework */ = {isa = PBXFileReference; lastKnownFileType = wrapper.framework; name = Cocoa.framework; path = System/Library/Frameworks/Cocoa.framework; sourceTree = SDKROOT; };
		C7FBBA84132C623300C301D7 /* AppKit.framework */ = {isa = PBXFileReference; lastKnownFileType = wrapper.framework; name = AppKit.framework; path = System/Library/Frameworks/AppKit.framework; sourceTree = SDKROOT; };
		C7FBBA85132C623300C301D7 /* CoreData.framework */ = {isa = PBXFileReference; lastKnownFileType = wrapper.framework; name = CoreData.framework; path = System/Library/Frameworks/CoreData.framework; sourceTree = SDKROOT; };
		C7FBBA86132C623300C301D7 /* Foundation.framework */ = {isa = PBXFileReference; lastKnownFileType = wrapper.framework; name = Foundation.framework; path = System/Library/Frameworks/Foundation.framework; sourceTree = SDKROOT; };
		C7FBBA89132C623300C301D7 /* RestTest-Info.plist */ = {isa = PBXFileReference; lastKnownFileType = text.plist.xml; path = "RestTest-Info.plist"; sourceTree = "<group>"; };
		C7FBBA8B132C623300C301D7 /* en */ = {isa = PBXFileReference; lastKnownFileType = text.plist.strings; name = en; path = en.lproj/InfoPlist.strings; sourceTree = "<group>"; };
		C7FBBA8D132C623300C301D7 /* RestTest-Prefix.pch */ = {isa = PBXFileReference; lastKnownFileType = sourcecode.c.h; path = "RestTest-Prefix.pch"; sourceTree = "<group>"; };
		C7FBBA8E132C623300C301D7 /* main.m */ = {isa = PBXFileReference; lastKnownFileType = sourcecode.c.objc; path = main.m; sourceTree = "<group>"; };
		C7FBBA93132C623400C301D7 /* RestTestAppDelegate.h */ = {isa = PBXFileReference; lastKnownFileType = sourcecode.c.h; path = RestTestAppDelegate.h; sourceTree = "<group>"; };
		C7FBBA94132C623400C301D7 /* RestTestAppDelegate.m */ = {isa = PBXFileReference; lastKnownFileType = sourcecode.c.objc; path = RestTestAppDelegate.m; sourceTree = "<group>"; };
		C7FBBA97132C623400C301D7 /* en */ = {isa = PBXFileReference; lastKnownFileType = file.xib; name = en; path = en.lproj/MainMenu.xib; sourceTree = "<group>"; };
		C7FBBAA3132C657300C301D7 /* MainViewController.h */ = {isa = PBXFileReference; fileEncoding = 4; lastKnownFileType = sourcecode.c.h; path = MainViewController.h; sourceTree = "<group>"; };
		C7FBBAA4132C657300C301D7 /* MainViewController.m */ = {isa = PBXFileReference; fileEncoding = 4; lastKnownFileType = sourcecode.c.objc; path = MainViewController.m; sourceTree = "<group>"; };
/* End PBXFileReference section */

/* Begin PBXFrameworksBuildPhase section */
		C7FBBA7A132C623300C301D7 /* Frameworks */ = {
			isa = PBXFrameworksBuildPhase;
			buildActionMask = 2147483647;
			files = (
				C7FBBA82132C623300C301D7 /* Cocoa.framework in Frameworks */,
			);
			runOnlyForDeploymentPostprocessing = 0;
		};
/* End PBXFrameworksBuildPhase section */

/* Begin PBXGroup section */
		9D325BD1133ECC7E00283DC0 /* Headers */ = {
			isa = PBXGroup;
			children = (
				C7FBBAA3132C657300C301D7 /* MainViewController.h */,
				C7893048132C6FEE00D76EC2 /* HttpHeader.h */,
				C7FBBA93132C623400C301D7 /* RestTestAppDelegate.h */,
			);
			name = Headers;
			sourceTree = "<group>";
		};
		9D325BD3133ECCB300283DC0 /* UI */ = {
			isa = PBXGroup;
			children = (
				C7FBBA96132C623400C301D7 /* MainMenu.xib */,
			);
			name = UI;
			sourceTree = "<group>";
		};
		C7893046132C6FB900D76EC2 /* Classes */ = {
			isa = PBXGroup;
			children = (
				C7FBBA94132C623400C301D7 /* RestTestAppDelegate.m */,
				C7FBBAA4132C657300C301D7 /* MainViewController.m */,
				C7893049132C6FEE00D76EC2 /* HttpHeader.m */,
			);
			name = Classes;
			sourceTree = "<group>";
		};
		C78F43F6133072890062BAE3 /* Resources */ = {
			isa = PBXGroup;
			children = (
				9DBA1B3A133EE47E00569286 /* RESTtestHelp */,
				9D325BD4133ED96D00283DC0 /* Icon.png */,
			);
			name = Resources;
			path = RestTest/Resources;
			sourceTree = "<group>";
		};
		C7FBBA72132C623300C301D7 = {
			isa = PBXGroup;
			children = (
				C78F43F6133072890062BAE3 /* Resources */,
				C7FBBA87132C623300C301D7 /* RestTest */,
				C7FBBA80132C623300C301D7 /* Frameworks */,
				C7FBBA7E132C623300C301D7 /* Products */,
			);
			sourceTree = "<group>";
		};
		C7FBBA7E132C623300C301D7 /* Products */ = {
			isa = PBXGroup;
			children = (
				9DBA1B33133EE0FC00569286 /* RESTtest.app */,
			);
			name = Products;
			sourceTree = "<group>";
		};
		C7FBBA80132C623300C301D7 /* Frameworks */ = {
			isa = PBXGroup;
			children = (
				C7FBBA81132C623300C301D7 /* Cocoa.framework */,
				C7FBBA83132C623300C301D7 /* Other Frameworks */,
			);
			name = Frameworks;
			sourceTree = "<group>";
		};
		C7FBBA83132C623300C301D7 /* Other Frameworks */ = {
			isa = PBXGroup;
			children = (
				C7FBBA84132C623300C301D7 /* AppKit.framework */,
				C7FBBA85132C623300C301D7 /* CoreData.framework */,
				C7FBBA86132C623300C301D7 /* Foundation.framework */,
			);
			name = "Other Frameworks";
			sourceTree = "<group>";
		};
		C7FBBA87132C623300C301D7 /* RestTest */ = {
			isa = PBXGroup;
			children = (
				9D325BD1133ECC7E00283DC0 /* Headers */,
				C7FBBA88132C623300C301D7 /* Supporting Files */,
				9D325BD3133ECCB300283DC0 /* UI */,
				C7893046132C6FB900D76EC2 /* Classes */,
				C78F43E41330613C0062BAE3 /* Credits.rtf */,
			);
			path = RestTest;
			sourceTree = "<group>";
		};
		C7FBBA88132C623300C301D7 /* Supporting Files */ = {
			isa = PBXGroup;
			children = (
				C7FBBA89132C623300C301D7 /* RestTest-Info.plist */,
				C7FBBA8A132C623300C301D7 /* InfoPlist.strings */,
				C7FBBA8D132C623300C301D7 /* RestTest-Prefix.pch */,
				C7FBBA8E132C623300C301D7 /* main.m */,
			);
			name = "Supporting Files";
			sourceTree = "<group>";
		};
/* End PBXGroup section */

/* Begin PBXNativeTarget section */
		C7FBBA7C132C623300C301D7 /* RESTtest */ = {
			isa = PBXNativeTarget;
			buildConfigurationList = C7FBBA9B132C623400C301D7 /* Build configuration list for PBXNativeTarget "RESTtest" */;
			buildPhases = (
				C7FBBA79132C623300C301D7 /* Sources */,
				C7FBBA7A132C623300C301D7 /* Frameworks */,
				C7FBBA7B132C623300C301D7 /* Resources */,
			);
			buildRules = (
			);
			dependencies = (
			);
			name = RESTtest;
			productName = RestTest;
			productReference = 9DBA1B33133EE0FC00569286 /* RESTtest.app */;
			productType = "com.apple.product-type.application";
		};
/* End PBXNativeTarget section */

/* Begin PBXProject section */
		C7FBBA74132C623300C301D7 /* Project object */ = {
			isa = PBXProject;
			buildConfigurationList = C7FBBA77132C623300C301D7 /* Build configuration list for PBXProject "RestTest" */;
			compatibilityVersion = "Xcode 3.2";
			developmentRegion = English;
			hasScannedForEncodings = 0;
			knownRegions = (
				en,
			);
			mainGroup = C7FBBA72132C623300C301D7;
			productRefGroup = C7FBBA7E132C623300C301D7 /* Products */;
			projectDirPath = "";
			projectRoot = "";
			targets = (
				C7FBBA7C132C623300C301D7 /* RESTtest */,
			);
		};
/* End PBXProject section */

/* Begin PBXResourcesBuildPhase section */
		C7FBBA7B132C623300C301D7 /* Resources */ = {
			isa = PBXResourcesBuildPhase;
			buildActionMask = 2147483647;
			files = (
				C7FBBA8C132C623300C301D7 /* InfoPlist.strings in Resources */,
				C7FBBA98132C623400C301D7 /* MainMenu.xib in Resources */,
				C78F43E51330613C0062BAE3 /* Credits.rtf in Resources */,
				9D325BD5133ED96D00283DC0 /* Icon.png in Resources */,
				9DBA1B3B133EE47E00569286 /* RESTtestHelp in Resources */,
			);
			runOnlyForDeploymentPostprocessing = 0;
		};
/* End PBXResourcesBuildPhase section */

/* Begin PBXSourcesBuildPhase section */
		C7FBBA79132C623300C301D7 /* Sources */ = {
			isa = PBXSourcesBuildPhase;
			buildActionMask = 2147483647;
			files = (
				C7FBBA8F132C623300C301D7 /* main.m in Sources */,
				C7FBBA95132C623400C301D7 /* RestTestAppDelegate.m in Sources */,
				C7FBBAA6132C657300C301D7 /* MainViewController.m in Sources */,
				C789304A132C6FEE00D76EC2 /* HttpHeader.m in Sources */,
			);
			runOnlyForDeploymentPostprocessing = 0;
		};
/* End PBXSourcesBuildPhase section */

/* Begin PBXVariantGroup section */
		C7FBBA8A132C623300C301D7 /* InfoPlist.strings */ = {
			isa = PBXVariantGroup;
			children = (
				C7FBBA8B132C623300C301D7 /* en */,
			);
			name = InfoPlist.strings;
			sourceTree = "<group>";
		};
		C7FBBA96132C623400C301D7 /* MainMenu.xib */ = {
			isa = PBXVariantGroup;
			children = (
				C7FBBA97132C623400C301D7 /* en */,
			);
			name = MainMenu.xib;
			sourceTree = "<group>";
		};
/* End PBXVariantGroup section */

/* Begin XCBuildConfiguration section */
		C7FBBA99132C623400C301D7 /* Debug */ = {
			isa = XCBuildConfiguration;
			buildSettings = {
				ARCHS = "$(ARCHS_STANDARD_32_64_BIT)";
				GCC_C_LANGUAGE_STANDARD = gnu99;
				GCC_OPTIMIZATION_LEVEL = 0;
				GCC_PREPROCESSOR_DEFINITIONS = DEBUG;
				GCC_SYMBOLS_PRIVATE_EXTERN = NO;
				GCC_VERSION = com.apple.compilers.llvm.clang.1_0;
				GCC_WARN_64_TO_32_BIT_CONVERSION = YES;
				GCC_WARN_ABOUT_RETURN_TYPE = YES;
				GCC_WARN_UNUSED_VARIABLE = YES;
				MACOSX_DEPLOYMENT_TARGET = 10.6;
				ONLY_ACTIVE_ARCH = YES;
				SDKROOT = macosx;
			};
			name = Debug;
		};
		C7FBBA9A132C623400C301D7 /* Release */ = {
			isa = XCBuildConfiguration;
			buildSettings = {
				ARCHS = "$(ARCHS_STANDARD_32_64_BIT)";
				GCC_C_LANGUAGE_STANDARD = gnu99;
				GCC_VERSION = com.apple.compilers.llvm.clang.1_0;
				GCC_WARN_64_TO_32_BIT_CONVERSION = YES;
				GCC_WARN_ABOUT_RETURN_TYPE = YES;
				GCC_WARN_UNUSED_VARIABLE = YES;
				MACOSX_DEPLOYMENT_TARGET = 10.6;
				SDKROOT = macosx;
			};
			name = Release;
		};
		C7FBBA9C132C623400C301D7 /* Debug */ = {
			isa = XCBuildConfiguration;
			buildSettings = {
				ALWAYS_SEARCH_USER_PATHS = NO;
				COPY_PHASE_STRIP = NO;
				GCC_DYNAMIC_NO_PIC = NO;
				GCC_ENABLE_OBJC_EXCEPTIONS = YES;
				GCC_PRECOMPILE_PREFIX_HEADER = YES;
				GCC_PREFIX_HEADER = "RestTest/RestTest-Prefix.pch";
				INFOPLIST_FILE = "RestTest/RestTest-Info.plist";
				PRODUCT_NAME = "$(TARGET_NAME)";
				WRAPPER_EXTENSION = app;
			};
			name = Debug;
		};
		C7FBBA9D132C623400C301D7 /* Release */ = {
			isa = XCBuildConfiguration;
			buildSettings = {
				ALWAYS_SEARCH_USER_PATHS = NO;
				COPY_PHASE_STRIP = YES;
				DEBUG_INFORMATION_FORMAT = "dwarf-with-dsym";
				GCC_ENABLE_OBJC_EXCEPTIONS = YES;
				GCC_PRECOMPILE_PREFIX_HEADER = YES;
				GCC_PREFIX_HEADER = "RestTest/RestTest-Prefix.pch";
				INFOPLIST_FILE = "RestTest/RestTest-Info.plist";
				PRODUCT_NAME = "$(TARGET_NAME)";
				WRAPPER_EXTENSION = app;
			};
			name = Release;
		};
/* End XCBuildConfiguration section */

/* Begin XCConfigurationList section */
		C7FBBA77132C623300C301D7 /* Build configuration list for PBXProject "RestTest" */ = {
			isa = XCConfigurationList;
			buildConfigurations = (
				C7FBBA99132C623400C301D7 /* Debug */,
				C7FBBA9A132C623400C301D7 /* Release */,
			);
			defaultConfigurationIsVisible = 0;
			defaultConfigurationName = Release;
		};
		C7FBBA9B132C623400C301D7 /* Build configuration list for PBXNativeTarget "RESTtest" */ = {
			isa = XCConfigurationList;
			buildConfigurations = (
				C7FBBA9C132C623400C301D7 /* Debug */,
				C7FBBA9D132C623400C301D7 /* Release */,
			);
			defaultConfigurationIsVisible = 0;
			defaultConfigurationName = Release;
		};
/* End XCConfigurationList section */
	};
	rootObject = C7FBBA74132C623300C301D7 /* Project object */;
}
