// !$*UTF8*$!
{
	archiveVersion = 1;
	classes = {
	};
	objectVersion = 46;
	objects = {

/* Begin PBXBuildFile section */
		507D8ADC16D7A35600BDA412 /* NoodleCustomImageRep.m in Sources */ = {isa = PBXBuildFile; fileRef = 507D8AC316D7A35600BDA412 /* NoodleCustomImageRep.m */; };
		507D8ADD16D7A35600BDA412 /* NoodleGlue.m in Sources */ = {isa = PBXBuildFile; fileRef = 507D8AC516D7A35600BDA412 /* NoodleGlue.m */; };
		507D8ADE16D7A35600BDA412 /* NoodleIPhoneTableView.m in Sources */ = {isa = PBXBuildFile; fileRef = 507D8AC716D7A35600BDA412 /* NoodleIPhoneTableView.m */; };
		507D8ADF16D7A35600BDA412 /* NoodleLineNumberMarker.m in Sources */ = {isa = PBXBuildFile; fileRef = 507D8AC916D7A35600BDA412 /* NoodleLineNumberMarker.m */; };
		507D8AE016D7A35600BDA412 /* NoodleLineNumberView.m in Sources */ = {isa = PBXBuildFile; fileRef = 507D8ACB16D7A35600BDA412 /* NoodleLineNumberView.m */; };
		507D8AE116D7A35600BDA412 /* NoodleTableView.m in Sources */ = {isa = PBXBuildFile; fileRef = 507D8ACD16D7A35600BDA412 /* NoodleTableView.m */; };
		507D8AE216D7A35600BDA412 /* NSImage-NoodleExtensions.m in Sources */ = {isa = PBXBuildFile; fileRef = 507D8ACF16D7A35600BDA412 /* NSImage-NoodleExtensions.m */; };
		507D8AE316D7A35600BDA412 /* NSIndexSet-NoodleExtensions.m in Sources */ = {isa = PBXBuildFile; fileRef = 507D8AD116D7A35600BDA412 /* NSIndexSet-NoodleExtensions.m */; };
		507D8AE416D7A35600BDA412 /* NSObject-NoodlePerformWhenIdle.m in Sources */ = {isa = PBXBuildFile; fileRef = 507D8AD316D7A35600BDA412 /* NSObject-NoodlePerformWhenIdle.m */; };
		507D8AE516D7A35600BDA412 /* NSResponder-NoodleModalExtensions.m in Sources */ = {isa = PBXBuildFile; fileRef = 507D8AD516D7A35600BDA412 /* NSResponder-NoodleModalExtensions.m */; };
		507D8AE616D7A35600BDA412 /* NSTableView-NoodleExtensions.m in Sources */ = {isa = PBXBuildFile; fileRef = 507D8AD716D7A35600BDA412 /* NSTableView-NoodleExtensions.m */; };
		507D8AE716D7A35600BDA412 /* NSTimer-NoodleExtensions.m in Sources */ = {isa = PBXBuildFile; fileRef = 507D8AD916D7A35600BDA412 /* NSTimer-NoodleExtensions.m */; };
		507D8AE816D7A35600BDA412 /* NSWindow-NoodleEffects.m in Sources */ = {isa = PBXBuildFile; fileRef = 507D8ADB16D7A35600BDA412 /* NSWindow-NoodleEffects.m */; };
		9D3E5F491662B2540064A39C /* Icon.iconset in Resources */ = {isa = PBXBuildFile; fileRef = 9D3E5F481662B2540064A39C /* Icon.iconset */; };
		9D3E5F4B1662B38C0064A39C /* Icon.icns in Resources */ = {isa = PBXBuildFile; fileRef = 9D3E5F4A1662B38C0064A39C /* Icon.icns */; };
		9D50E0061662E9E8006D4746 /* NSObject+SBJson.m in Sources */ = {isa = PBXBuildFile; fileRef = 9D50DFEE1662E9E8006D4746 /* NSObject+SBJson.m */; };
		9D50E0071662E9E8006D4746 /* SBJsonParser.m in Sources */ = {isa = PBXBuildFile; fileRef = 9D50DFF11662E9E8006D4746 /* SBJsonParser.m */; };
		9D50E0081662E9E8006D4746 /* SBJsonStreamParser.m in Sources */ = {isa = PBXBuildFile; fileRef = 9D50DFF31662E9E8006D4746 /* SBJsonStreamParser.m */; };
		9D50E0091662E9E8006D4746 /* SBJsonStreamParserAccumulator.m in Sources */ = {isa = PBXBuildFile; fileRef = 9D50DFF51662E9E8006D4746 /* SBJsonStreamParserAccumulator.m */; };
		9D50E00A1662E9E8006D4746 /* SBJsonStreamParserAdapter.m in Sources */ = {isa = PBXBuildFile; fileRef = 9D50DFF71662E9E8006D4746 /* SBJsonStreamParserAdapter.m */; };
		9D50E00B1662E9E8006D4746 /* SBJsonStreamParserState.m in Sources */ = {isa = PBXBuildFile; fileRef = 9D50DFF91662E9E8006D4746 /* SBJsonStreamParserState.m */; };
		9D50E00C1662E9E8006D4746 /* SBJsonStreamWriter.m in Sources */ = {isa = PBXBuildFile; fileRef = 9D50DFFB1662E9E8006D4746 /* SBJsonStreamWriter.m */; };
		9D50E00D1662E9E8006D4746 /* SBJsonStreamWriterAccumulator.m in Sources */ = {isa = PBXBuildFile; fileRef = 9D50DFFD1662E9E8006D4746 /* SBJsonStreamWriterAccumulator.m */; };
		9D50E00E1662E9E8006D4746 /* SBJsonStreamWriterState.m in Sources */ = {isa = PBXBuildFile; fileRef = 9D50DFFF1662E9E8006D4746 /* SBJsonStreamWriterState.m */; };
		9D50E00F1662E9E8006D4746 /* SBJsonTokeniser.m in Sources */ = {isa = PBXBuildFile; fileRef = 9D50E0011662E9E8006D4746 /* SBJsonTokeniser.m */; };
		9D50E0101662E9E8006D4746 /* SBJsonUTF8Stream.m in Sources */ = {isa = PBXBuildFile; fileRef = 9D50E0031662E9E8006D4746 /* SBJsonUTF8Stream.m */; };
		9D50E0111662E9E8006D4746 /* SBJsonWriter.m in Sources */ = {isa = PBXBuildFile; fileRef = 9D50E0051662E9E8006D4746 /* SBJsonWriter.m */; };
		9DADE05C1662F17C007FE9CD /* Cocoa.framework in Frameworks */ = {isa = PBXBuildFile; fileRef = 9DDCF4DB134D4DCF00643F87 /* Cocoa.framework */; };
		9DADE05D1662F246007FE9CD /* Foundation.framework in Frameworks */ = {isa = PBXBuildFile; fileRef = 9DDCF4E0134D4DCF00643F87 /* Foundation.framework */; };
		9DDCF4E6134D4DD000643F87 /* InfoPlist.strings in Resources */ = {isa = PBXBuildFile; fileRef = 9DDCF4E4134D4DD000643F87 /* InfoPlist.strings */; };
		9DDCF4EF134D4DD000643F87 /* Servicer.m in Sources */ = {isa = PBXBuildFile; fileRef = 9DDCF4EE134D4DD000643F87 /* Servicer.m */; };
		9DDCF4F2134D4DD000643F87 /* Servicer.xib in Resources */ = {isa = PBXBuildFile; fileRef = 9DDCF4F0134D4DD000643F87 /* Servicer.xib */; };
		9DDCF4F5134D4DD000643F87 /* MainMenu.xib in Resources */ = {isa = PBXBuildFile; fileRef = 9DDCF4F3134D4DD000643F87 /* MainMenu.xib */; };
		9DDCF517134D713600643F87 /* HttpHeader.m in Sources */ = {isa = PBXBuildFile; fileRef = 9DDCF516134D713600643F87 /* HttpHeader.m */; };
		9DDCF51E134D718C00643F87 /* Credits.rtf in Resources */ = {isa = PBXBuildFile; fileRef = 9DDCF518134D718C00643F87 /* Credits.rtf */; };
		9DDCF522134D718C00643F87 /* RESTtestHelp in Resources */ = {isa = PBXBuildFile; fileRef = 9DDCF51D134D718C00643F87 /* RESTtestHelp */; };
		9DDCF52A134D729000643F87 /* main.m in Sources */ = {isa = PBXBuildFile; fileRef = 9DDCF527134D729000643F87 /* main.m */; };
		9DE590E116C6A10D00F751F3 /* RESTtest.entitlements in Resources */ = {isa = PBXBuildFile; fileRef = 9D50DFE91662CA8C006D4746 /* RESTtest.entitlements */; };
/* End PBXBuildFile section */

/* Begin PBXFileReference section */
		507D8AC216D7A35600BDA412 /* NoodleCustomImageRep.h */ = {isa = PBXFileReference; fileEncoding = 4; lastKnownFileType = sourcecode.c.h; name = NoodleCustomImageRep.h; path = ThirdParty/NoodleKit/NoodleCustomImageRep.h; sourceTree = "<group>"; };
		507D8AC316D7A35600BDA412 /* NoodleCustomImageRep.m */ = {isa = PBXFileReference; fileEncoding = 4; lastKnownFileType = sourcecode.c.objc; name = NoodleCustomImageRep.m; path = ThirdParty/NoodleKit/NoodleCustomImageRep.m; sourceTree = "<group>"; };
		507D8AC416D7A35600BDA412 /* NoodleGlue.h */ = {isa = PBXFileReference; fileEncoding = 4; lastKnownFileType = sourcecode.c.h; name = NoodleGlue.h; path = ThirdParty/NoodleKit/NoodleGlue.h; sourceTree = "<group>"; };
		507D8AC516D7A35600BDA412 /* NoodleGlue.m */ = {isa = PBXFileReference; fileEncoding = 4; lastKnownFileType = sourcecode.c.objc; name = NoodleGlue.m; path = ThirdParty/NoodleKit/NoodleGlue.m; sourceTree = "<group>"; };
		507D8AC616D7A35600BDA412 /* NoodleIPhoneTableView.h */ = {isa = PBXFileReference; fileEncoding = 4; lastKnownFileType = sourcecode.c.h; name = NoodleIPhoneTableView.h; path = ThirdParty/NoodleKit/NoodleIPhoneTableView.h; sourceTree = "<group>"; };
		507D8AC716D7A35600BDA412 /* NoodleIPhoneTableView.m */ = {isa = PBXFileReference; fileEncoding = 4; lastKnownFileType = sourcecode.c.objc; name = NoodleIPhoneTableView.m; path = ThirdParty/NoodleKit/NoodleIPhoneTableView.m; sourceTree = "<group>"; };
		507D8AC816D7A35600BDA412 /* NoodleLineNumberMarker.h */ = {isa = PBXFileReference; fileEncoding = 4; lastKnownFileType = sourcecode.c.h; name = NoodleLineNumberMarker.h; path = ThirdParty/NoodleKit/NoodleLineNumberMarker.h; sourceTree = "<group>"; };
		507D8AC916D7A35600BDA412 /* NoodleLineNumberMarker.m */ = {isa = PBXFileReference; fileEncoding = 4; lastKnownFileType = sourcecode.c.objc; name = NoodleLineNumberMarker.m; path = ThirdParty/NoodleKit/NoodleLineNumberMarker.m; sourceTree = "<group>"; };
		507D8ACA16D7A35600BDA412 /* NoodleLineNumberView.h */ = {isa = PBXFileReference; fileEncoding = 4; lastKnownFileType = sourcecode.c.h; name = NoodleLineNumberView.h; path = ThirdParty/NoodleKit/NoodleLineNumberView.h; sourceTree = "<group>"; };
		507D8ACB16D7A35600BDA412 /* NoodleLineNumberView.m */ = {isa = PBXFileReference; fileEncoding = 4; lastKnownFileType = sourcecode.c.objc; name = NoodleLineNumberView.m; path = ThirdParty/NoodleKit/NoodleLineNumberView.m; sourceTree = "<group>"; };
		507D8ACC16D7A35600BDA412 /* NoodleTableView.h */ = {isa = PBXFileReference; fileEncoding = 4; lastKnownFileType = sourcecode.c.h; name = NoodleTableView.h; path = ThirdParty/NoodleKit/NoodleTableView.h; sourceTree = "<group>"; };
		507D8ACD16D7A35600BDA412 /* NoodleTableView.m */ = {isa = PBXFileReference; fileEncoding = 4; lastKnownFileType = sourcecode.c.objc; name = NoodleTableView.m; path = ThirdParty/NoodleKit/NoodleTableView.m; sourceTree = "<group>"; };
		507D8ACE16D7A35600BDA412 /* NSImage-NoodleExtensions.h */ = {isa = PBXFileReference; fileEncoding = 4; lastKnownFileType = sourcecode.c.h; name = "NSImage-NoodleExtensions.h"; path = "ThirdParty/NoodleKit/NSImage-NoodleExtensions.h"; sourceTree = "<group>"; };
		507D8ACF16D7A35600BDA412 /* NSImage-NoodleExtensions.m */ = {isa = PBXFileReference; fileEncoding = 4; lastKnownFileType = sourcecode.c.objc; name = "NSImage-NoodleExtensions.m"; path = "ThirdParty/NoodleKit/NSImage-NoodleExtensions.m"; sourceTree = "<group>"; };
		507D8AD016D7A35600BDA412 /* NSIndexSet-NoodleExtensions.h */ = {isa = PBXFileReference; fileEncoding = 4; lastKnownFileType = sourcecode.c.h; name = "NSIndexSet-NoodleExtensions.h"; path = "ThirdParty/NoodleKit/NSIndexSet-NoodleExtensions.h"; sourceTree = "<group>"; };
		507D8AD116D7A35600BDA412 /* NSIndexSet-NoodleExtensions.m */ = {isa = PBXFileReference; fileEncoding = 4; lastKnownFileType = sourcecode.c.objc; name = "NSIndexSet-NoodleExtensions.m"; path = "ThirdParty/NoodleKit/NSIndexSet-NoodleExtensions.m"; sourceTree = "<group>"; };
		507D8AD216D7A35600BDA412 /* NSObject-NoodlePerformWhenIdle.h */ = {isa = PBXFileReference; fileEncoding = 4; lastKnownFileType = sourcecode.c.h; name = "NSObject-NoodlePerformWhenIdle.h"; path = "ThirdParty/NoodleKit/NSObject-NoodlePerformWhenIdle.h"; sourceTree = "<group>"; };
		507D8AD316D7A35600BDA412 /* NSObject-NoodlePerformWhenIdle.m */ = {isa = PBXFileReference; fileEncoding = 4; lastKnownFileType = sourcecode.c.objc; name = "NSObject-NoodlePerformWhenIdle.m"; path = "ThirdParty/NoodleKit/NSObject-NoodlePerformWhenIdle.m"; sourceTree = "<group>"; };
		507D8AD416D7A35600BDA412 /* NSResponder-NoodleModalExtensions.h */ = {isa = PBXFileReference; fileEncoding = 4; lastKnownFileType = sourcecode.c.h; name = "NSResponder-NoodleModalExtensions.h"; path = "ThirdParty/NoodleKit/NSResponder-NoodleModalExtensions.h"; sourceTree = "<group>"; };
		507D8AD516D7A35600BDA412 /* NSResponder-NoodleModalExtensions.m */ = {isa = PBXFileReference; fileEncoding = 4; lastKnownFileType = sourcecode.c.objc; name = "NSResponder-NoodleModalExtensions.m"; path = "ThirdParty/NoodleKit/NSResponder-NoodleModalExtensions.m"; sourceTree = "<group>"; };
		507D8AD616D7A35600BDA412 /* NSTableView-NoodleExtensions.h */ = {isa = PBXFileReference; fileEncoding = 4; lastKnownFileType = sourcecode.c.h; name = "NSTableView-NoodleExtensions.h"; path = "ThirdParty/NoodleKit/NSTableView-NoodleExtensions.h"; sourceTree = "<group>"; };
		507D8AD716D7A35600BDA412 /* NSTableView-NoodleExtensions.m */ = {isa = PBXFileReference; fileEncoding = 4; lastKnownFileType = sourcecode.c.objc; name = "NSTableView-NoodleExtensions.m"; path = "ThirdParty/NoodleKit/NSTableView-NoodleExtensions.m"; sourceTree = "<group>"; };
		507D8AD816D7A35600BDA412 /* NSTimer-NoodleExtensions.h */ = {isa = PBXFileReference; fileEncoding = 4; lastKnownFileType = sourcecode.c.h; name = "NSTimer-NoodleExtensions.h"; path = "ThirdParty/NoodleKit/NSTimer-NoodleExtensions.h"; sourceTree = "<group>"; };
		507D8AD916D7A35600BDA412 /* NSTimer-NoodleExtensions.m */ = {isa = PBXFileReference; fileEncoding = 4; lastKnownFileType = sourcecode.c.objc; name = "NSTimer-NoodleExtensions.m"; path = "ThirdParty/NoodleKit/NSTimer-NoodleExtensions.m"; sourceTree = "<group>"; };
		507D8ADA16D7A35600BDA412 /* NSWindow-NoodleEffects.h */ = {isa = PBXFileReference; fileEncoding = 4; lastKnownFileType = sourcecode.c.h; name = "NSWindow-NoodleEffects.h"; path = "ThirdParty/NoodleKit/NSWindow-NoodleEffects.h"; sourceTree = "<group>"; };
		507D8ADB16D7A35600BDA412 /* NSWindow-NoodleEffects.m */ = {isa = PBXFileReference; fileEncoding = 4; lastKnownFileType = sourcecode.c.objc; name = "NSWindow-NoodleEffects.m"; path = "ThirdParty/NoodleKit/NSWindow-NoodleEffects.m"; sourceTree = "<group>"; };
		9D21E885134D730C00CF2C80 /* RESTtest-Info.plist */ = {isa = PBXFileReference; fileEncoding = 4; lastKnownFileType = text.plist.xml; path = "RESTtest-Info.plist"; sourceTree = "<group>"; };
		9D3E5F481662B2540064A39C /* Icon.iconset */ = {isa = PBXFileReference; lastKnownFileType = folder.iconset; name = Icon.iconset; path = SupportingFiles/Icon.iconset; sourceTree = "<group>"; };
		9D3E5F4A1662B38C0064A39C /* Icon.icns */ = {isa = PBXFileReference; lastKnownFileType = image.icns; name = Icon.icns; path = SupportingFiles/Icon.icns; sourceTree = "<group>"; };
		9D50DFE91662CA8C006D4746 /* RESTtest.entitlements */ = {isa = PBXFileReference; lastKnownFileType = text.xml; path = RESTtest.entitlements; sourceTree = "<group>"; };
		9D50DFED1662E9E8006D4746 /* NSObject+SBJson.h */ = {isa = PBXFileReference; fileEncoding = 4; lastKnownFileType = sourcecode.c.h; name = "NSObject+SBJson.h"; path = "SupportingFiles/Lib/SBJSON/NSObject+SBJson.h"; sourceTree = "<group>"; };
		9D50DFEE1662E9E8006D4746 /* NSObject+SBJson.m */ = {isa = PBXFileReference; fileEncoding = 4; lastKnownFileType = sourcecode.c.objc; name = "NSObject+SBJson.m"; path = "SupportingFiles/Lib/SBJSON/NSObject+SBJson.m"; sourceTree = "<group>"; };
		9D50DFEF1662E9E8006D4746 /* SBJson.h */ = {isa = PBXFileReference; fileEncoding = 4; lastKnownFileType = sourcecode.c.h; name = SBJson.h; path = SupportingFiles/Lib/SBJSON/SBJson.h; sourceTree = "<group>"; };
		9D50DFF01662E9E8006D4746 /* SBJsonParser.h */ = {isa = PBXFileReference; fileEncoding = 4; lastKnownFileType = sourcecode.c.h; name = SBJsonParser.h; path = SupportingFiles/Lib/SBJSON/SBJsonParser.h; sourceTree = "<group>"; };
		9D50DFF11662E9E8006D4746 /* SBJsonParser.m */ = {isa = PBXFileReference; fileEncoding = 4; lastKnownFileType = sourcecode.c.objc; name = SBJsonParser.m; path = SupportingFiles/Lib/SBJSON/SBJsonParser.m; sourceTree = "<group>"; };
		9D50DFF21662E9E8006D4746 /* SBJsonStreamParser.h */ = {isa = PBXFileReference; fileEncoding = 4; lastKnownFileType = sourcecode.c.h; name = SBJsonStreamParser.h; path = SupportingFiles/Lib/SBJSON/SBJsonStreamParser.h; sourceTree = "<group>"; };
		9D50DFF31662E9E8006D4746 /* SBJsonStreamParser.m */ = {isa = PBXFileReference; fileEncoding = 4; lastKnownFileType = sourcecode.c.objc; name = SBJsonStreamParser.m; path = SupportingFiles/Lib/SBJSON/SBJsonStreamParser.m; sourceTree = "<group>"; };
		9D50DFF41662E9E8006D4746 /* SBJsonStreamParserAccumulator.h */ = {isa = PBXFileReference; fileEncoding = 4; lastKnownFileType = sourcecode.c.h; name = SBJsonStreamParserAccumulator.h; path = SupportingFiles/Lib/SBJSON/SBJsonStreamParserAccumulator.h; sourceTree = "<group>"; };
		9D50DFF51662E9E8006D4746 /* SBJsonStreamParserAccumulator.m */ = {isa = PBXFileReference; fileEncoding = 4; lastKnownFileType = sourcecode.c.objc; name = SBJsonStreamParserAccumulator.m; path = SupportingFiles/Lib/SBJSON/SBJsonStreamParserAccumulator.m; sourceTree = "<group>"; };
		9D50DFF61662E9E8006D4746 /* SBJsonStreamParserAdapter.h */ = {isa = PBXFileReference; fileEncoding = 4; lastKnownFileType = sourcecode.c.h; name = SBJsonStreamParserAdapter.h; path = SupportingFiles/Lib/SBJSON/SBJsonStreamParserAdapter.h; sourceTree = "<group>"; };
		9D50DFF71662E9E8006D4746 /* SBJsonStreamParserAdapter.m */ = {isa = PBXFileReference; fileEncoding = 4; lastKnownFileType = sourcecode.c.objc; name = SBJsonStreamParserAdapter.m; path = SupportingFiles/Lib/SBJSON/SBJsonStreamParserAdapter.m; sourceTree = "<group>"; };
		9D50DFF81662E9E8006D4746 /* SBJsonStreamParserState.h */ = {isa = PBXFileReference; fileEncoding = 4; lastKnownFileType = sourcecode.c.h; name = SBJsonStreamParserState.h; path = SupportingFiles/Lib/SBJSON/SBJsonStreamParserState.h; sourceTree = "<group>"; };
		9D50DFF91662E9E8006D4746 /* SBJsonStreamParserState.m */ = {isa = PBXFileReference; fileEncoding = 4; lastKnownFileType = sourcecode.c.objc; name = SBJsonStreamParserState.m; path = SupportingFiles/Lib/SBJSON/SBJsonStreamParserState.m; sourceTree = "<group>"; };
		9D50DFFA1662E9E8006D4746 /* SBJsonStreamWriter.h */ = {isa = PBXFileReference; fileEncoding = 4; lastKnownFileType = sourcecode.c.h; name = SBJsonStreamWriter.h; path = SupportingFiles/Lib/SBJSON/SBJsonStreamWriter.h; sourceTree = "<group>"; };
		9D50DFFB1662E9E8006D4746 /* SBJsonStreamWriter.m */ = {isa = PBXFileReference; fileEncoding = 4; lastKnownFileType = sourcecode.c.objc; name = SBJsonStreamWriter.m; path = SupportingFiles/Lib/SBJSON/SBJsonStreamWriter.m; sourceTree = "<group>"; };
		9D50DFFC1662E9E8006D4746 /* SBJsonStreamWriterAccumulator.h */ = {isa = PBXFileReference; fileEncoding = 4; lastKnownFileType = sourcecode.c.h; name = SBJsonStreamWriterAccumulator.h; path = SupportingFiles/Lib/SBJSON/SBJsonStreamWriterAccumulator.h; sourceTree = "<group>"; };
		9D50DFFD1662E9E8006D4746 /* SBJsonStreamWriterAccumulator.m */ = {isa = PBXFileReference; fileEncoding = 4; lastKnownFileType = sourcecode.c.objc; name = SBJsonStreamWriterAccumulator.m; path = SupportingFiles/Lib/SBJSON/SBJsonStreamWriterAccumulator.m; sourceTree = "<group>"; };
		9D50DFFE1662E9E8006D4746 /* SBJsonStreamWriterState.h */ = {isa = PBXFileReference; fileEncoding = 4; lastKnownFileType = sourcecode.c.h; name = SBJsonStreamWriterState.h; path = SupportingFiles/Lib/SBJSON/SBJsonStreamWriterState.h; sourceTree = "<group>"; };
		9D50DFFF1662E9E8006D4746 /* SBJsonStreamWriterState.m */ = {isa = PBXFileReference; fileEncoding = 4; lastKnownFileType = sourcecode.c.objc; name = SBJsonStreamWriterState.m; path = SupportingFiles/Lib/SBJSON/SBJsonStreamWriterState.m; sourceTree = "<group>"; };
		9D50E0001662E9E8006D4746 /* SBJsonTokeniser.h */ = {isa = PBXFileReference; fileEncoding = 4; lastKnownFileType = sourcecode.c.h; name = SBJsonTokeniser.h; path = SupportingFiles/Lib/SBJSON/SBJsonTokeniser.h; sourceTree = "<group>"; };
		9D50E0011662E9E8006D4746 /* SBJsonTokeniser.m */ = {isa = PBXFileReference; fileEncoding = 4; lastKnownFileType = sourcecode.c.objc; name = SBJsonTokeniser.m; path = SupportingFiles/Lib/SBJSON/SBJsonTokeniser.m; sourceTree = "<group>"; };
		9D50E0021662E9E8006D4746 /* SBJsonUTF8Stream.h */ = {isa = PBXFileReference; fileEncoding = 4; lastKnownFileType = sourcecode.c.h; name = SBJsonUTF8Stream.h; path = SupportingFiles/Lib/SBJSON/SBJsonUTF8Stream.h; sourceTree = "<group>"; };
		9D50E0031662E9E8006D4746 /* SBJsonUTF8Stream.m */ = {isa = PBXFileReference; fileEncoding = 4; lastKnownFileType = sourcecode.c.objc; name = SBJsonUTF8Stream.m; path = SupportingFiles/Lib/SBJSON/SBJsonUTF8Stream.m; sourceTree = "<group>"; };
		9D50E0041662E9E8006D4746 /* SBJsonWriter.h */ = {isa = PBXFileReference; fileEncoding = 4; lastKnownFileType = sourcecode.c.h; name = SBJsonWriter.h; path = SupportingFiles/Lib/SBJSON/SBJsonWriter.h; sourceTree = "<group>"; };
		9D50E0051662E9E8006D4746 /* SBJsonWriter.m */ = {isa = PBXFileReference; fileEncoding = 4; lastKnownFileType = sourcecode.c.objc; name = SBJsonWriter.m; path = SupportingFiles/Lib/SBJSON/SBJsonWriter.m; sourceTree = "<group>"; };
		9DDCF4D7134D4DCF00643F87 /* RESTtest.app */ = {isa = PBXFileReference; explicitFileType = wrapper.application; includeInIndex = 0; path = RESTtest.app; sourceTree = BUILT_PRODUCTS_DIR; };
		9DDCF4DB134D4DCF00643F87 /* Cocoa.framework */ = {isa = PBXFileReference; lastKnownFileType = wrapper.framework; name = Cocoa.framework; path = System/Library/Frameworks/Cocoa.framework; sourceTree = SDKROOT; };
		9DDCF4DE134D4DCF00643F87 /* AppKit.framework */ = {isa = PBXFileReference; lastKnownFileType = wrapper.framework; name = AppKit.framework; path = System/Library/Frameworks/AppKit.framework; sourceTree = SDKROOT; };
		9DDCF4DF134D4DCF00643F87 /* CoreData.framework */ = {isa = PBXFileReference; lastKnownFileType = wrapper.framework; name = CoreData.framework; path = System/Library/Frameworks/CoreData.framework; sourceTree = SDKROOT; };
		9DDCF4E0134D4DCF00643F87 /* Foundation.framework */ = {isa = PBXFileReference; lastKnownFileType = wrapper.framework; name = Foundation.framework; path = System/Library/Frameworks/Foundation.framework; sourceTree = SDKROOT; };
		9DDCF4E5134D4DD000643F87 /* en */ = {isa = PBXFileReference; lastKnownFileType = text.plist.strings; name = en; path = en.lproj/InfoPlist.strings; sourceTree = "<group>"; };
		9DDCF4ED134D4DD000643F87 /* Servicer.h */ = {isa = PBXFileReference; lastKnownFileType = sourcecode.c.h; path = Servicer.h; sourceTree = "<group>"; };
		9DDCF4EE134D4DD000643F87 /* Servicer.m */ = {isa = PBXFileReference; lastKnownFileType = sourcecode.c.objc; path = Servicer.m; sourceTree = "<group>"; };
		9DDCF4F1134D4DD000643F87 /* en */ = {isa = PBXFileReference; lastKnownFileType = file.xib; name = en; path = en.lproj/Servicer.xib; sourceTree = "<group>"; };
		9DDCF4F4134D4DD000643F87 /* en */ = {isa = PBXFileReference; lastKnownFileType = file.xib; name = en; path = en.lproj/MainMenu.xib; sourceTree = "<group>"; };
		9DDCF515134D713600643F87 /* HttpHeader.h */ = {isa = PBXFileReference; fileEncoding = 4; lastKnownFileType = sourcecode.c.h; name = HttpHeader.h; path = Models/HttpHeader.h; sourceTree = "<group>"; };
		9DDCF516134D713600643F87 /* HttpHeader.m */ = {isa = PBXFileReference; fileEncoding = 4; lastKnownFileType = sourcecode.c.objc; name = HttpHeader.m; path = Models/HttpHeader.m; sourceTree = "<group>"; };
		9DDCF518134D718C00643F87 /* Credits.rtf */ = {isa = PBXFileReference; fileEncoding = 4; lastKnownFileType = text.rtf; name = Credits.rtf; path = SupportingFiles/Credits.rtf; sourceTree = "<group>"; };
		9DDCF51D134D718C00643F87 /* RESTtestHelp */ = {isa = PBXFileReference; lastKnownFileType = folder; name = RESTtestHelp; path = SupportingFiles/RESTtestHelp; sourceTree = "<group>"; };
		9DDCF527134D729000643F87 /* main.m */ = {isa = PBXFileReference; fileEncoding = 4; lastKnownFileType = sourcecode.c.objc; path = main.m; sourceTree = "<group>"; };
		9DDCF529134D729000643F87 /* RESTtest-Prefix.pch */ = {isa = PBXFileReference; fileEncoding = 4; lastKnownFileType = sourcecode.c.h; path = "RESTtest-Prefix.pch"; sourceTree = "<group>"; };
		D4B4893316CC36430095D359 /* NSObject-NoodlePerformWhenIdle.h */ = {isa = PBXFileReference; fileEncoding = 4; lastKnownFileType = sourcecode.c.h; path = "NSObject-NoodlePerformWhenIdle.h"; sourceTree = "<group>"; };
		D4B4893416CC36430095D359 /* NSObject-NoodlePerformWhenIdle.m */ = {isa = PBXFileReference; fileEncoding = 4; lastKnownFileType = sourcecode.c.objc; path = "NSObject-NoodlePerformWhenIdle.m"; sourceTree = "<group>"; };
		D4B4893516CC36430095D359 /* NSIndexSet-NoodleExtensions.h */ = {isa = PBXFileReference; fileEncoding = 4; lastKnownFileType = sourcecode.c.h; path = "NSIndexSet-NoodleExtensions.h"; sourceTree = "<group>"; };
		D4B4893616CC36430095D359 /* NSIndexSet-NoodleExtensions.m */ = {isa = PBXFileReference; fileEncoding = 4; lastKnownFileType = sourcecode.c.objc; path = "NSIndexSet-NoodleExtensions.m"; sourceTree = "<group>"; };
		D4B4893716CC36430095D359 /* NSResponder-NoodleModalExtensions.h */ = {isa = PBXFileReference; fileEncoding = 4; lastKnownFileType = sourcecode.c.h; path = "NSResponder-NoodleModalExtensions.h"; sourceTree = "<group>"; };
		D4B4893816CC36430095D359 /* NSResponder-NoodleModalExtensions.m */ = {isa = PBXFileReference; fileEncoding = 4; lastKnownFileType = sourcecode.c.objc; path = "NSResponder-NoodleModalExtensions.m"; sourceTree = "<group>"; };
		D4B4893916CC36430095D359 /* NSTimer-NoodleExtensions.h */ = {isa = PBXFileReference; fileEncoding = 4; lastKnownFileType = sourcecode.c.h; path = "NSTimer-NoodleExtensions.h"; sourceTree = "<group>"; };
		D4B4893A16CC36430095D359 /* NSTimer-NoodleExtensions.m */ = {isa = PBXFileReference; fileEncoding = 4; lastKnownFileType = sourcecode.c.objc; path = "NSTimer-NoodleExtensions.m"; sourceTree = "<group>"; };
		D4B4893B16CC36430095D359 /* NoodleGlue.h */ = {isa = PBXFileReference; fileEncoding = 4; lastKnownFileType = sourcecode.c.h; path = NoodleGlue.h; sourceTree = "<group>"; };
		D4B4893C16CC36430095D359 /* NoodleGlue.m */ = {isa = PBXFileReference; fileEncoding = 4; lastKnownFileType = sourcecode.c.objc; path = NoodleGlue.m; sourceTree = "<group>"; };
		D4B4893D16CC36430095D359 /* NSImage-NoodleExtensions.h */ = {isa = PBXFileReference; fileEncoding = 4; lastKnownFileType = sourcecode.c.h; path = "NSImage-NoodleExtensions.h"; sourceTree = "<group>"; };
		D4B4893E16CC36430095D359 /* NSImage-NoodleExtensions.m */ = {isa = PBXFileReference; fileEncoding = 4; lastKnownFileType = sourcecode.c.objc; path = "NSImage-NoodleExtensions.m"; sourceTree = "<group>"; };
		D4B4893F16CC36430095D359 /* NoodleCustomImageRep.h */ = {isa = PBXFileReference; fileEncoding = 4; lastKnownFileType = sourcecode.c.h; path = NoodleCustomImageRep.h; sourceTree = "<group>"; };
		D4B4894016CC36430095D359 /* NoodleCustomImageRep.m */ = {isa = PBXFileReference; fileEncoding = 4; lastKnownFileType = sourcecode.c.objc; path = NoodleCustomImageRep.m; sourceTree = "<group>"; };
		D4B4894116CC36430095D359 /* NSWindow-NoodleEffects.h */ = {isa = PBXFileReference; fileEncoding = 4; lastKnownFileType = sourcecode.c.h; path = "NSWindow-NoodleEffects.h"; sourceTree = "<group>"; };
		D4B4894216CC36430095D359 /* NSWindow-NoodleEffects.m */ = {isa = PBXFileReference; fileEncoding = 4; lastKnownFileType = sourcecode.c.objc; path = "NSWindow-NoodleEffects.m"; sourceTree = "<group>"; };
		D4B4894316CC36430095D359 /* NoodleLineNumberMarker.h */ = {isa = PBXFileReference; fileEncoding = 4; lastKnownFileType = sourcecode.c.h; path = NoodleLineNumberMarker.h; sourceTree = "<group>"; };
		D4B4894416CC36430095D359 /* NoodleLineNumberMarker.m */ = {isa = PBXFileReference; fileEncoding = 4; lastKnownFileType = sourcecode.c.objc; path = NoodleLineNumberMarker.m; sourceTree = "<group>"; };
		D4B4894516CC36430095D359 /* NoodleLineNumberView.h */ = {isa = PBXFileReference; fileEncoding = 4; lastKnownFileType = sourcecode.c.h; path = NoodleLineNumberView.h; sourceTree = "<group>"; };
		D4B4894616CC36430095D359 /* NoodleLineNumberView.m */ = {isa = PBXFileReference; fileEncoding = 4; lastKnownFileType = sourcecode.c.objc; path = NoodleLineNumberView.m; sourceTree = "<group>"; };
		D4B4894716CC36430095D359 /* NSTableView-NoodleExtensions.h */ = {isa = PBXFileReference; fileEncoding = 4; lastKnownFileType = sourcecode.c.h; path = "NSTableView-NoodleExtensions.h"; sourceTree = "<group>"; };
		D4B4894816CC36430095D359 /* NSTableView-NoodleExtensions.m */ = {isa = PBXFileReference; fileEncoding = 4; lastKnownFileType = sourcecode.c.objc; path = "NSTableView-NoodleExtensions.m"; sourceTree = "<group>"; };
		D4B4894916CC36430095D359 /* NoodleTableView.h */ = {isa = PBXFileReference; fileEncoding = 4; lastKnownFileType = sourcecode.c.h; path = NoodleTableView.h; sourceTree = "<group>"; };
		D4B4894A16CC36430095D359 /* NoodleTableView.m */ = {isa = PBXFileReference; fileEncoding = 4; lastKnownFileType = sourcecode.c.objc; path = NoodleTableView.m; sourceTree = "<group>"; };
		D4B4894B16CC36430095D359 /* NoodleIPhoneTableView.h */ = {isa = PBXFileReference; fileEncoding = 4; lastKnownFileType = sourcecode.c.h; path = NoodleIPhoneTableView.h; sourceTree = "<group>"; };
		D4B4894C16CC36430095D359 /* NoodleIPhoneTableView.m */ = {isa = PBXFileReference; fileEncoding = 4; lastKnownFileType = sourcecode.c.objc; path = NoodleIPhoneTableView.m; sourceTree = "<group>"; };
/* End PBXFileReference section */

/* Begin PBXFrameworksBuildPhase section */
		9DDCF4D4134D4DCF00643F87 /* Frameworks */ = {
			isa = PBXFrameworksBuildPhase;
			buildActionMask = 2147483647;
			files = (
				9DADE05D1662F246007FE9CD /* Foundation.framework in Frameworks */,
				9DADE05C1662F17C007FE9CD /* Cocoa.framework in Frameworks */,
			);
			runOnlyForDeploymentPostprocessing = 0;
		};
/* End PBXFrameworksBuildPhase section */

/* Begin PBXGroup section */
		507D8AC016D7A2F700BDA412 /* ThirdParty */ = {
			isa = PBXGroup;
			children = (
				507D8AC116D7A34200BDA412 /* NoodleKit */,
			);
			name = ThirdParty;
			sourceTree = "<group>";
		};
		507D8AC116D7A34200BDA412 /* NoodleKit */ = {
			isa = PBXGroup;
			children = (
				507D8AC216D7A35600BDA412 /* NoodleCustomImageRep.h */,
				507D8AC316D7A35600BDA412 /* NoodleCustomImageRep.m */,
				507D8AC416D7A35600BDA412 /* NoodleGlue.h */,
				507D8AC516D7A35600BDA412 /* NoodleGlue.m */,
				507D8AC616D7A35600BDA412 /* NoodleIPhoneTableView.h */,
				507D8AC716D7A35600BDA412 /* NoodleIPhoneTableView.m */,
				507D8AC816D7A35600BDA412 /* NoodleLineNumberMarker.h */,
				507D8AC916D7A35600BDA412 /* NoodleLineNumberMarker.m */,
				507D8ACA16D7A35600BDA412 /* NoodleLineNumberView.h */,
				507D8ACB16D7A35600BDA412 /* NoodleLineNumberView.m */,
				507D8ACC16D7A35600BDA412 /* NoodleTableView.h */,
				507D8ACD16D7A35600BDA412 /* NoodleTableView.m */,
				507D8ACE16D7A35600BDA412 /* NSImage-NoodleExtensions.h */,
				507D8ACF16D7A35600BDA412 /* NSImage-NoodleExtensions.m */,
				507D8AD016D7A35600BDA412 /* NSIndexSet-NoodleExtensions.h */,
				507D8AD116D7A35600BDA412 /* NSIndexSet-NoodleExtensions.m */,
				507D8AD216D7A35600BDA412 /* NSObject-NoodlePerformWhenIdle.h */,
				507D8AD316D7A35600BDA412 /* NSObject-NoodlePerformWhenIdle.m */,
				507D8AD416D7A35600BDA412 /* NSResponder-NoodleModalExtensions.h */,
				507D8AD516D7A35600BDA412 /* NSResponder-NoodleModalExtensions.m */,
				507D8AD616D7A35600BDA412 /* NSTableView-NoodleExtensions.h */,
				507D8AD716D7A35600BDA412 /* NSTableView-NoodleExtensions.m */,
				507D8AD816D7A35600BDA412 /* NSTimer-NoodleExtensions.h */,
				507D8AD916D7A35600BDA412 /* NSTimer-NoodleExtensions.m */,
				507D8ADA16D7A35600BDA412 /* NSWindow-NoodleEffects.h */,
				507D8ADB16D7A35600BDA412 /* NSWindow-NoodleEffects.m */,
			);
			name = NoodleKit;
			sourceTree = "<group>";
		};
		9D50DFEB1662E9A7006D4746 /* Lib */ = {
			isa = PBXGroup;
			children = (
				D4B4893216CC36350095D359 /* NoodleKit */,
				9D50DFEC1662E9AC006D4746 /* SBJSON */,
			);
			name = Lib;
			sourceTree = "<group>";
		};
		9D50DFEC1662E9AC006D4746 /* SBJSON */ = {
			isa = PBXGroup;
			children = (
				9D50DFED1662E9E8006D4746 /* NSObject+SBJson.h */,
				9D50DFEE1662E9E8006D4746 /* NSObject+SBJson.m */,
				9D50DFEF1662E9E8006D4746 /* SBJson.h */,
				9D50DFF01662E9E8006D4746 /* SBJsonParser.h */,
				9D50DFF11662E9E8006D4746 /* SBJsonParser.m */,
				9D50DFF21662E9E8006D4746 /* SBJsonStreamParser.h */,
				9D50DFF31662E9E8006D4746 /* SBJsonStreamParser.m */,
				9D50DFF41662E9E8006D4746 /* SBJsonStreamParserAccumulator.h */,
				9D50DFF51662E9E8006D4746 /* SBJsonStreamParserAccumulator.m */,
				9D50DFF61662E9E8006D4746 /* SBJsonStreamParserAdapter.h */,
				9D50DFF71662E9E8006D4746 /* SBJsonStreamParserAdapter.m */,
				9D50DFF81662E9E8006D4746 /* SBJsonStreamParserState.h */,
				9D50DFF91662E9E8006D4746 /* SBJsonStreamParserState.m */,
				9D50DFFA1662E9E8006D4746 /* SBJsonStreamWriter.h */,
				9D50DFFB1662E9E8006D4746 /* SBJsonStreamWriter.m */,
				9D50DFFC1662E9E8006D4746 /* SBJsonStreamWriterAccumulator.h */,
				9D50DFFD1662E9E8006D4746 /* SBJsonStreamWriterAccumulator.m */,
				9D50DFFE1662E9E8006D4746 /* SBJsonStreamWriterState.h */,
				9D50DFFF1662E9E8006D4746 /* SBJsonStreamWriterState.m */,
				9D50E0001662E9E8006D4746 /* SBJsonTokeniser.h */,
				9D50E0011662E9E8006D4746 /* SBJsonTokeniser.m */,
				9D50E0021662E9E8006D4746 /* SBJsonUTF8Stream.h */,
				9D50E0031662E9E8006D4746 /* SBJsonUTF8Stream.m */,
				9D50E0041662E9E8006D4746 /* SBJsonWriter.h */,
				9D50E0051662E9E8006D4746 /* SBJsonWriter.m */,
			);
			name = SBJSON;
			sourceTree = "<group>";
		};
		9DDCF4CC134D4DCF00643F87 = {
			isa = PBXGroup;
			children = (
				9DDCF4E1134D4DCF00643F87 /* RESTtest */,
				9DDCF4DA134D4DCF00643F87 /* Frameworks */,
				9DDCF4D8134D4DCF00643F87 /* Products */,
			);
			sourceTree = "<group>";
		};
		9DDCF4D8134D4DCF00643F87 /* Products */ = {
			isa = PBXGroup;
			children = (
				9DDCF4D7134D4DCF00643F87 /* RESTtest.app */,
			);
			name = Products;
			sourceTree = "<group>";
		};
		9DDCF4DA134D4DCF00643F87 /* Frameworks */ = {
			isa = PBXGroup;
			children = (
				9DDCF4DB134D4DCF00643F87 /* Cocoa.framework */,
				9DDCF4DD134D4DCF00643F87 /* Other Frameworks */,
			);
			name = Frameworks;
			sourceTree = "<group>";
		};
		9DDCF4DD134D4DCF00643F87 /* Other Frameworks */ = {
			isa = PBXGroup;
			children = (
				9DDCF4DE134D4DCF00643F87 /* AppKit.framework */,
				9DDCF4DF134D4DCF00643F87 /* CoreData.framework */,
				9DDCF4E0134D4DCF00643F87 /* Foundation.framework */,
			);
			name = "Other Frameworks";
			sourceTree = "<group>";
		};
		9DDCF4E1134D4DCF00643F87 /* RESTtest */ = {
			isa = PBXGroup;
			children = (
				507D8AC016D7A2F700BDA412 /* ThirdParty */,
				9D50DFE91662CA8C006D4746 /* RESTtest.entitlements */,
				9DDCF503134D510600643F87 /* Models */,
				9DDCF4ED134D4DD000643F87 /* Servicer.h */,
				9DDCF4EE134D4DD000643F87 /* Servicer.m */,
				9DDCF4F0134D4DD000643F87 /* Servicer.xib */,
				9DDCF4F3134D4DD000643F87 /* MainMenu.xib */,
				9DDCF4E2134D4DD000643F87 /* Supporting Files */,
			);
			path = RESTtest;
			sourceTree = "<group>";
		};
		9DDCF4E2134D4DD000643F87 /* Supporting Files */ = {
			isa = PBXGroup;
			children = (
				9D50DFEB1662E9A7006D4746 /* Lib */,
				9D3E5F4A1662B38C0064A39C /* Icon.icns */,
				9D3E5F481662B2540064A39C /* Icon.iconset */,
				9DDCF51D134D718C00643F87 /* RESTtestHelp */,
				9DDCF518134D718C00643F87 /* Credits.rtf */,
				9DDCF527134D729000643F87 /* main.m */,
				9D21E885134D730C00CF2C80 /* RESTtest-Info.plist */,
				9DDCF529134D729000643F87 /* RESTtest-Prefix.pch */,
				9DDCF4E4134D4DD000643F87 /* InfoPlist.strings */,
			);
			name = "Supporting Files";
			sourceTree = "<group>";
		};
		9DDCF503134D510600643F87 /* Models */ = {
			isa = PBXGroup;
			children = (
				9DDCF515134D713600643F87 /* HttpHeader.h */,
				9DDCF516134D713600643F87 /* HttpHeader.m */,
			);
			name = Models;
			sourceTree = "<group>";
		};
		D4B4893216CC36350095D359 /* NoodleKit */ = {
			isa = PBXGroup;
			children = (
				D4B4893316CC36430095D359 /* NSObject-NoodlePerformWhenIdle.h */,
				D4B4893416CC36430095D359 /* NSObject-NoodlePerformWhenIdle.m */,
				D4B4893516CC36430095D359 /* NSIndexSet-NoodleExtensions.h */,
				D4B4893616CC36430095D359 /* NSIndexSet-NoodleExtensions.m */,
				D4B4893716CC36430095D359 /* NSResponder-NoodleModalExtensions.h */,
				D4B4893816CC36430095D359 /* NSResponder-NoodleModalExtensions.m */,
				D4B4893916CC36430095D359 /* NSTimer-NoodleExtensions.h */,
				D4B4893A16CC36430095D359 /* NSTimer-NoodleExtensions.m */,
				D4B4893B16CC36430095D359 /* NoodleGlue.h */,
				D4B4893C16CC36430095D359 /* NoodleGlue.m */,
				D4B4893D16CC36430095D359 /* NSImage-NoodleExtensions.h */,
				D4B4893E16CC36430095D359 /* NSImage-NoodleExtensions.m */,
				D4B4893F16CC36430095D359 /* NoodleCustomImageRep.h */,
				D4B4894016CC36430095D359 /* NoodleCustomImageRep.m */,
				D4B4894116CC36430095D359 /* NSWindow-NoodleEffects.h */,
				D4B4894216CC36430095D359 /* NSWindow-NoodleEffects.m */,
				D4B4894316CC36430095D359 /* NoodleLineNumberMarker.h */,
				D4B4894416CC36430095D359 /* NoodleLineNumberMarker.m */,
				D4B4894516CC36430095D359 /* NoodleLineNumberView.h */,
				D4B4894616CC36430095D359 /* NoodleLineNumberView.m */,
				D4B4894716CC36430095D359 /* NSTableView-NoodleExtensions.h */,
				D4B4894816CC36430095D359 /* NSTableView-NoodleExtensions.m */,
				D4B4894916CC36430095D359 /* NoodleTableView.h */,
				D4B4894A16CC36430095D359 /* NoodleTableView.m */,
				D4B4894B16CC36430095D359 /* NoodleIPhoneTableView.h */,
				D4B4894C16CC36430095D359 /* NoodleIPhoneTableView.m */,
			);
			name = NoodleKit;
			sourceTree = "<group>";
		};
/* End PBXGroup section */

/* Begin PBXNativeTarget section */
		9DDCF4D6134D4DCF00643F87 /* RESTtest */ = {
			isa = PBXNativeTarget;
			buildConfigurationList = 9DDCF4F8134D4DD000643F87 /* Build configuration list for PBXNativeTarget "RESTtest" */;
			buildPhases = (
				9DDCF4D3134D4DCF00643F87 /* Sources */,
				9DDCF4D4134D4DCF00643F87 /* Frameworks */,
				9DDCF4D5134D4DCF00643F87 /* Resources */,
			);
			buildRules = (
			);
			dependencies = (
			);
			name = RESTtest;
			productName = RESTtest;
			productReference = 9DDCF4D7134D4DCF00643F87 /* RESTtest.app */;
			productType = "com.apple.product-type.application";
		};
/* End PBXNativeTarget section */

/* Begin PBXProject section */
		9DDCF4CE134D4DCF00643F87 /* Project object */ = {
			isa = PBXProject;
			attributes = {
				LastUpgradeCheck = 0450;
			};
			buildConfigurationList = 9DDCF4D1134D4DCF00643F87 /* Build configuration list for PBXProject "RESTtest" */;
			compatibilityVersion = "Xcode 3.2";
			developmentRegion = English;
			hasScannedForEncodings = 0;
			knownRegions = (
				en,
			);
			mainGroup = 9DDCF4CC134D4DCF00643F87;
			productRefGroup = 9DDCF4D8134D4DCF00643F87 /* Products */;
			projectDirPath = "";
			projectRoot = "";
			targets = (
				9DDCF4D6134D4DCF00643F87 /* RESTtest */,
			);
		};
/* End PBXProject section */

/* Begin PBXResourcesBuildPhase section */
		9DDCF4D5134D4DCF00643F87 /* Resources */ = {
			isa = PBXResourcesBuildPhase;
			buildActionMask = 2147483647;
			files = (
				9DE590E116C6A10D00F751F3 /* RESTtest.entitlements in Resources */,
				9DDCF4E6134D4DD000643F87 /* InfoPlist.strings in Resources */,
				9DDCF4F2134D4DD000643F87 /* Servicer.xib in Resources */,
				9DDCF4F5134D4DD000643F87 /* MainMenu.xib in Resources */,
				9DDCF51E134D718C00643F87 /* Credits.rtf in Resources */,
				9DDCF522134D718C00643F87 /* RESTtestHelp in Resources */,
				9D3E5F491662B2540064A39C /* Icon.iconset in Resources */,
				9D3E5F4B1662B38C0064A39C /* Icon.icns in Resources */,
			);
			runOnlyForDeploymentPostprocessing = 0;
		};
/* End PBXResourcesBuildPhase section */

/* Begin PBXSourcesBuildPhase section */
		9DDCF4D3134D4DCF00643F87 /* Sources */ = {
			isa = PBXSourcesBuildPhase;
			buildActionMask = 2147483647;
			files = (
				9DDCF4EF134D4DD000643F87 /* Servicer.m in Sources */,
				9DDCF517134D713600643F87 /* HttpHeader.m in Sources */,
				9DDCF52A134D729000643F87 /* main.m in Sources */,
				9D50E0061662E9E8006D4746 /* NSObject+SBJson.m in Sources */,
				9D50E0071662E9E8006D4746 /* SBJsonParser.m in Sources */,
				9D50E0081662E9E8006D4746 /* SBJsonStreamParser.m in Sources */,
				9D50E0091662E9E8006D4746 /* SBJsonStreamParserAccumulator.m in Sources */,
				9D50E00A1662E9E8006D4746 /* SBJsonStreamParserAdapter.m in Sources */,
				9D50E00B1662E9E8006D4746 /* SBJsonStreamParserState.m in Sources */,
				9D50E00C1662E9E8006D4746 /* SBJsonStreamWriter.m in Sources */,
				9D50E00D1662E9E8006D4746 /* SBJsonStreamWriterAccumulator.m in Sources */,
				9D50E00E1662E9E8006D4746 /* SBJsonStreamWriterState.m in Sources */,
				9D50E00F1662E9E8006D4746 /* SBJsonTokeniser.m in Sources */,
				9D50E0101662E9E8006D4746 /* SBJsonUTF8Stream.m in Sources */,
				9D50E0111662E9E8006D4746 /* SBJsonWriter.m in Sources */,
				507D8ADC16D7A35600BDA412 /* NoodleCustomImageRep.m in Sources */,
				507D8ADD16D7A35600BDA412 /* NoodleGlue.m in Sources */,
				507D8ADE16D7A35600BDA412 /* NoodleIPhoneTableView.m in Sources */,
				507D8ADF16D7A35600BDA412 /* NoodleLineNumberMarker.m in Sources */,
				507D8AE016D7A35600BDA412 /* NoodleLineNumberView.m in Sources */,
				507D8AE116D7A35600BDA412 /* NoodleTableView.m in Sources */,
				507D8AE216D7A35600BDA412 /* NSImage-NoodleExtensions.m in Sources */,
				507D8AE316D7A35600BDA412 /* NSIndexSet-NoodleExtensions.m in Sources */,
				507D8AE416D7A35600BDA412 /* NSObject-NoodlePerformWhenIdle.m in Sources */,
				507D8AE516D7A35600BDA412 /* NSResponder-NoodleModalExtensions.m in Sources */,
				507D8AE616D7A35600BDA412 /* NSTableView-NoodleExtensions.m in Sources */,
				507D8AE716D7A35600BDA412 /* NSTimer-NoodleExtensions.m in Sources */,
				507D8AE816D7A35600BDA412 /* NSWindow-NoodleEffects.m in Sources */,
			);
			runOnlyForDeploymentPostprocessing = 0;
		};
/* End PBXSourcesBuildPhase section */

/* Begin PBXVariantGroup section */
		9DDCF4E4134D4DD000643F87 /* InfoPlist.strings */ = {
			isa = PBXVariantGroup;
			children = (
				9DDCF4E5134D4DD000643F87 /* en */,
			);
			name = InfoPlist.strings;
			sourceTree = "<group>";
		};
		9DDCF4F0134D4DD000643F87 /* Servicer.xib */ = {
			isa = PBXVariantGroup;
			children = (
				9DDCF4F1134D4DD000643F87 /* en */,
			);
			name = Servicer.xib;
			sourceTree = "<group>";
		};
		9DDCF4F3134D4DD000643F87 /* MainMenu.xib */ = {
			isa = PBXVariantGroup;
			children = (
				9DDCF4F4134D4DD000643F87 /* en */,
			);
			name = MainMenu.xib;
			sourceTree = "<group>";
		};
/* End PBXVariantGroup section */

/* Begin XCBuildConfiguration section */
		9DDCF4F6134D4DD000643F87 /* Debug */ = {
			isa = XCBuildConfiguration;
			buildSettings = {
				ARCHS = "$(ARCHS_STANDARD_32_64_BIT)";
				CODE_SIGN_IDENTITY = "";
				GCC_C_LANGUAGE_STANDARD = gnu99;
				GCC_OPTIMIZATION_LEVEL = 0;
				GCC_PREPROCESSOR_DEFINITIONS = DEBUG;
				GCC_SYMBOLS_PRIVATE_EXTERN = NO;
				GCC_VERSION = com.apple.compilers.llvm.clang.1_0;
				GCC_WARN_64_TO_32_BIT_CONVERSION = YES;
				GCC_WARN_ABOUT_RETURN_TYPE = YES;
				GCC_WARN_UNUSED_VARIABLE = YES;
				MACOSX_DEPLOYMENT_TARGET = 10.6;
				ONLY_ACTIVE_ARCH = YES;
				SDKROOT = macosx;
			};
			name = Debug;
		};
		9DDCF4F7134D4DD000643F87 /* Release */ = {
			isa = XCBuildConfiguration;
			buildSettings = {
				ARCHS = "$(ARCHS_STANDARD_32_64_BIT)";
				CODE_SIGN_IDENTITY = "Mac Developer";
				GCC_C_LANGUAGE_STANDARD = gnu99;
				GCC_VERSION = com.apple.compilers.llvm.clang.1_0;
				GCC_WARN_64_TO_32_BIT_CONVERSION = YES;
				GCC_WARN_ABOUT_RETURN_TYPE = YES;
				GCC_WARN_UNUSED_VARIABLE = YES;
				MACOSX_DEPLOYMENT_TARGET = 10.6;
				PROVISIONING_PROFILE = "";
				SDKROOT = macosx;
			};
			name = Release;
		};
		9DDCF4F9134D4DD000643F87 /* Debug */ = {
			isa = XCBuildConfiguration;
			buildSettings = {
				ALWAYS_SEARCH_USER_PATHS = NO;
				ARCHS = "$(ARCHS_STANDARD_64_BIT)";
				CODE_SIGN_ENTITLEMENTS = RESTtest/RESTtest.entitlements;
				COMBINE_HIDPI_IMAGES = YES;
				COPY_PHASE_STRIP = NO;
				FRAMEWORK_SEARCH_PATHS = (
					"$(inherited)",
					"\"$(SRCROOT)/../../Desktop\"",
				);
				GCC_DYNAMIC_NO_PIC = NO;
				GCC_ENABLE_OBJC_EXCEPTIONS = YES;
				GCC_PRECOMPILE_PREFIX_HEADER = YES;
				GCC_PREFIX_HEADER = "RESTtest/RESTtest-Prefix.pch";
				INFOPLIST_FILE = "RESTtest/RESTtest-Info.plist";
				PRODUCT_NAME = "$(TARGET_NAME)";
				WRAPPER_EXTENSION = app;
			};
			name = Debug;
		};
		9DDCF4FA134D4DD000643F87 /* Release */ = {
			isa = XCBuildConfiguration;
			buildSettings = {
				ALWAYS_SEARCH_USER_PATHS = NO;
				ARCHS = "$(ARCHS_STANDARD_64_BIT)";
				CODE_SIGN_ENTITLEMENTS = RESTtest/RESTtest.entitlements;
				CODE_SIGN_IDENTITY = "Mac Developer";
				COMBINE_HIDPI_IMAGES = YES;
				COPY_PHASE_STRIP = YES;
				DEBUG_INFORMATION_FORMAT = "dwarf-with-dsym";
				FRAMEWORK_SEARCH_PATHS = (
					"$(inherited)",
					"\"$(SRCROOT)/../../Desktop\"",
				);
				GCC_ENABLE_OBJC_EXCEPTIONS = YES;
				GCC_PRECOMPILE_PREFIX_HEADER = YES;
				GCC_PREFIX_HEADER = "RESTtest/RESTtest-Prefix.pch";
				INFOPLIST_FILE = "RESTtest/RESTtest-Info.plist";
				PRODUCT_NAME = "$(TARGET_NAME)";
				PROVISIONING_PROFILE = "";
				WRAPPER_EXTENSION = app;
			};
			name = Release;
		};
/* End XCBuildConfiguration section */

/* Begin XCConfigurationList section */
		9DDCF4D1134D4DCF00643F87 /* Build configuration list for PBXProject "RESTtest" */ = {
			isa = XCConfigurationList;
			buildConfigurations = (
				9DDCF4F6134D4DD000643F87 /* Debug */,
				9DDCF4F7134D4DD000643F87 /* Release */,
			);
			defaultConfigurationIsVisible = 0;
			defaultConfigurationName = Release;
		};
		9DDCF4F8134D4DD000643F87 /* Build configuration list for PBXNativeTarget "RESTtest" */ = {
			isa = XCConfigurationList;
			buildConfigurations = (
				9DDCF4F9134D4DD000643F87 /* Debug */,
				9DDCF4FA134D4DD000643F87 /* Release */,
			);
			defaultConfigurationIsVisible = 0;
			defaultConfigurationName = Release;
		};
/* End XCConfigurationList section */
	};
	rootObject = 9DDCF4CE134D4DCF00643F87 /* Project object */;
}
