<?xml version="1.0" encoding="UTF-8"?>
<!DOCTYPE plist PUBLIC "-//Apple//DTD PLIST 1.0//EN" "http://www.apple.com/DTDs/PropertyList-1.0.dtd">
<plist version="1.0">
<dict>
	<key>archiveVersion</key>
	<string>1</string>
	<key>classes</key>
	<dict/>
	<key>objectVersion</key>
	<string>46</string>
	<key>objects</key>
	<dict>
		<key>24D7CB7C0DF38C46CF09E2D7</key>
		<dict>
			<key>buildActionMask</key>
			<string>2147483647</string>
			<key>files</key>
			<array/>
			<key>inputPaths</key>
			<array/>
			<key>isa</key>
			<string>PBXShellScriptBuildPhase</string>
			<key>name</key>
			<string>Check Pods Manifest.lock</string>
			<key>outputPaths</key>
			<array/>
			<key>runOnlyForDeploymentPostprocessing</key>
			<string>0</string>
			<key>shellPath</key>
			<string>/bin/sh</string>
			<key>shellScript</key>
			<string>diff "${PODS_ROOT}/../Podfile.lock" "${PODS_ROOT}/Manifest.lock" &gt; /dev/null
if [[ $? != 0 ]] ; then
    cat &lt;&lt; EOM
error: The sandbox is not in sync with the Podfile.lock. Run 'pod install' or update your CocoaPods installation.
EOM
    exit 1
fi
</string>
			<key>showEnvVarsInLog</key>
			<string>0</string>
		</dict>
		<key>2C52C2D3A5AC0B016DF86803</key>
		<dict>
			<key>explicitFileType</key>
			<string>archive.ar</string>
			<key>includeInIndex</key>
			<string>0</string>
			<key>isa</key>
			<string>PBXFileReference</string>
			<key>path</key>
			<string>libPods-RESTtest.a</string>
			<key>sourceTree</key>
			<string>BUILT_PRODUCTS_DIR</string>
		</dict>
		<key>507D8AC016D7A2F700BDA412</key>
		<dict>
			<key>children</key>
			<array>
				<string>507D8AC116D7A34200BDA412</string>
			</array>
			<key>isa</key>
			<string>PBXGroup</string>
			<key>name</key>
			<string>ThirdParty</string>
			<key>sourceTree</key>
			<string>&lt;group&gt;</string>
		</dict>
		<key>507D8AC116D7A34200BDA412</key>
		<dict>
			<key>children</key>
			<array>
				<string>507D8AC216D7A35600BDA412</string>
				<string>507D8AC316D7A35600BDA412</string>
				<string>507D8AC416D7A35600BDA412</string>
				<string>507D8AC516D7A35600BDA412</string>
				<string>507D8AC616D7A35600BDA412</string>
				<string>507D8AC716D7A35600BDA412</string>
				<string>507D8AC816D7A35600BDA412</string>
				<string>507D8AC916D7A35600BDA412</string>
				<string>507D8ACA16D7A35600BDA412</string>
				<string>507D8ACB16D7A35600BDA412</string>
				<string>507D8ACC16D7A35600BDA412</string>
				<string>507D8ACD16D7A35600BDA412</string>
				<string>507D8ACE16D7A35600BDA412</string>
				<string>507D8ACF16D7A35600BDA412</string>
				<string>507D8AD016D7A35600BDA412</string>
				<string>507D8AD116D7A35600BDA412</string>
				<string>507D8AD216D7A35600BDA412</string>
				<string>507D8AD316D7A35600BDA412</string>
				<string>507D8AD416D7A35600BDA412</string>
				<string>507D8AD516D7A35600BDA412</string>
				<string>507D8AD616D7A35600BDA412</string>
				<string>507D8AD716D7A35600BDA412</string>
				<string>507D8AD816D7A35600BDA412</string>
				<string>507D8AD916D7A35600BDA412</string>
				<string>507D8ADA16D7A35600BDA412</string>
				<string>507D8ADB16D7A35600BDA412</string>
			</array>
			<key>isa</key>
			<string>PBXGroup</string>
			<key>name</key>
			<string>NoodleKit</string>
			<key>sourceTree</key>
			<string>&lt;group&gt;</string>
		</dict>
		<key>507D8AC216D7A35600BDA412</key>
		<dict>
			<key>fileEncoding</key>
			<string>4</string>
			<key>isa</key>
			<string>PBXFileReference</string>
			<key>lastKnownFileType</key>
			<string>sourcecode.c.h</string>
			<key>name</key>
			<string>NoodleCustomImageRep.h</string>
			<key>path</key>
			<string>ThirdParty/NoodleKit/NoodleCustomImageRep.h</string>
			<key>sourceTree</key>
			<string>&lt;group&gt;</string>
		</dict>
		<key>507D8AC316D7A35600BDA412</key>
		<dict>
			<key>fileEncoding</key>
			<string>4</string>
			<key>isa</key>
			<string>PBXFileReference</string>
			<key>lastKnownFileType</key>
			<string>sourcecode.c.objc</string>
			<key>name</key>
			<string>NoodleCustomImageRep.m</string>
			<key>path</key>
			<string>ThirdParty/NoodleKit/NoodleCustomImageRep.m</string>
			<key>sourceTree</key>
			<string>&lt;group&gt;</string>
		</dict>
		<key>507D8AC416D7A35600BDA412</key>
		<dict>
			<key>fileEncoding</key>
			<string>4</string>
			<key>isa</key>
			<string>PBXFileReference</string>
			<key>lastKnownFileType</key>
			<string>sourcecode.c.h</string>
			<key>name</key>
			<string>NoodleGlue.h</string>
			<key>path</key>
			<string>ThirdParty/NoodleKit/NoodleGlue.h</string>
			<key>sourceTree</key>
			<string>&lt;group&gt;</string>
		</dict>
		<key>507D8AC516D7A35600BDA412</key>
		<dict>
			<key>fileEncoding</key>
			<string>4</string>
			<key>isa</key>
			<string>PBXFileReference</string>
			<key>lastKnownFileType</key>
			<string>sourcecode.c.objc</string>
			<key>name</key>
			<string>NoodleGlue.m</string>
			<key>path</key>
			<string>ThirdParty/NoodleKit/NoodleGlue.m</string>
			<key>sourceTree</key>
			<string>&lt;group&gt;</string>
		</dict>
		<key>507D8AC616D7A35600BDA412</key>
		<dict>
			<key>fileEncoding</key>
			<string>4</string>
			<key>isa</key>
			<string>PBXFileReference</string>
			<key>lastKnownFileType</key>
			<string>sourcecode.c.h</string>
			<key>name</key>
			<string>NoodleIPhoneTableView.h</string>
			<key>path</key>
			<string>ThirdParty/NoodleKit/NoodleIPhoneTableView.h</string>
			<key>sourceTree</key>
			<string>&lt;group&gt;</string>
		</dict>
		<key>507D8AC716D7A35600BDA412</key>
		<dict>
			<key>fileEncoding</key>
			<string>4</string>
			<key>isa</key>
			<string>PBXFileReference</string>
			<key>lastKnownFileType</key>
			<string>sourcecode.c.objc</string>
			<key>name</key>
			<string>NoodleIPhoneTableView.m</string>
			<key>path</key>
			<string>ThirdParty/NoodleKit/NoodleIPhoneTableView.m</string>
			<key>sourceTree</key>
			<string>&lt;group&gt;</string>
		</dict>
		<key>507D8AC816D7A35600BDA412</key>
		<dict>
			<key>fileEncoding</key>
			<string>4</string>
			<key>isa</key>
			<string>PBXFileReference</string>
			<key>lastKnownFileType</key>
			<string>sourcecode.c.h</string>
			<key>name</key>
			<string>NoodleLineNumberMarker.h</string>
			<key>path</key>
			<string>ThirdParty/NoodleKit/NoodleLineNumberMarker.h</string>
			<key>sourceTree</key>
			<string>&lt;group&gt;</string>
		</dict>
		<key>507D8AC916D7A35600BDA412</key>
		<dict>
			<key>fileEncoding</key>
			<string>4</string>
			<key>isa</key>
			<string>PBXFileReference</string>
			<key>lastKnownFileType</key>
			<string>sourcecode.c.objc</string>
			<key>name</key>
			<string>NoodleLineNumberMarker.m</string>
			<key>path</key>
			<string>ThirdParty/NoodleKit/NoodleLineNumberMarker.m</string>
			<key>sourceTree</key>
			<string>&lt;group&gt;</string>
		</dict>
		<key>507D8ACA16D7A35600BDA412</key>
		<dict>
			<key>fileEncoding</key>
			<string>4</string>
			<key>isa</key>
			<string>PBXFileReference</string>
			<key>lastKnownFileType</key>
			<string>sourcecode.c.h</string>
			<key>name</key>
			<string>NoodleLineNumberView.h</string>
			<key>path</key>
			<string>ThirdParty/NoodleKit/NoodleLineNumberView.h</string>
			<key>sourceTree</key>
			<string>&lt;group&gt;</string>
		</dict>
		<key>507D8ACB16D7A35600BDA412</key>
		<dict>
			<key>fileEncoding</key>
			<string>4</string>
			<key>isa</key>
			<string>PBXFileReference</string>
			<key>lastKnownFileType</key>
			<string>sourcecode.c.objc</string>
			<key>name</key>
			<string>NoodleLineNumberView.m</string>
			<key>path</key>
			<string>ThirdParty/NoodleKit/NoodleLineNumberView.m</string>
			<key>sourceTree</key>
			<string>&lt;group&gt;</string>
		</dict>
		<key>507D8ACC16D7A35600BDA412</key>
		<dict>
			<key>fileEncoding</key>
			<string>4</string>
			<key>isa</key>
			<string>PBXFileReference</string>
			<key>lastKnownFileType</key>
			<string>sourcecode.c.h</string>
			<key>name</key>
			<string>NoodleTableView.h</string>
			<key>path</key>
			<string>ThirdParty/NoodleKit/NoodleTableView.h</string>
			<key>sourceTree</key>
			<string>&lt;group&gt;</string>
		</dict>
		<key>507D8ACD16D7A35600BDA412</key>
		<dict>
			<key>fileEncoding</key>
			<string>4</string>
			<key>isa</key>
			<string>PBXFileReference</string>
			<key>lastKnownFileType</key>
			<string>sourcecode.c.objc</string>
			<key>name</key>
			<string>NoodleTableView.m</string>
			<key>path</key>
			<string>ThirdParty/NoodleKit/NoodleTableView.m</string>
			<key>sourceTree</key>
			<string>&lt;group&gt;</string>
		</dict>
		<key>507D8ACE16D7A35600BDA412</key>
		<dict>
			<key>fileEncoding</key>
			<string>4</string>
			<key>isa</key>
			<string>PBXFileReference</string>
			<key>lastKnownFileType</key>
			<string>sourcecode.c.h</string>
			<key>name</key>
			<string>NSImage-NoodleExtensions.h</string>
			<key>path</key>
			<string>ThirdParty/NoodleKit/NSImage-NoodleExtensions.h</string>
			<key>sourceTree</key>
			<string>&lt;group&gt;</string>
		</dict>
		<key>507D8ACF16D7A35600BDA412</key>
		<dict>
			<key>fileEncoding</key>
			<string>4</string>
			<key>isa</key>
			<string>PBXFileReference</string>
			<key>lastKnownFileType</key>
			<string>sourcecode.c.objc</string>
			<key>name</key>
			<string>NSImage-NoodleExtensions.m</string>
			<key>path</key>
			<string>ThirdParty/NoodleKit/NSImage-NoodleExtensions.m</string>
			<key>sourceTree</key>
			<string>&lt;group&gt;</string>
		</dict>
		<key>507D8AD016D7A35600BDA412</key>
		<dict>
			<key>fileEncoding</key>
			<string>4</string>
			<key>isa</key>
			<string>PBXFileReference</string>
			<key>lastKnownFileType</key>
			<string>sourcecode.c.h</string>
			<key>name</key>
			<string>NSIndexSet-NoodleExtensions.h</string>
			<key>path</key>
			<string>ThirdParty/NoodleKit/NSIndexSet-NoodleExtensions.h</string>
			<key>sourceTree</key>
			<string>&lt;group&gt;</string>
		</dict>
		<key>507D8AD116D7A35600BDA412</key>
		<dict>
			<key>fileEncoding</key>
			<string>4</string>
			<key>isa</key>
			<string>PBXFileReference</string>
			<key>lastKnownFileType</key>
			<string>sourcecode.c.objc</string>
			<key>name</key>
			<string>NSIndexSet-NoodleExtensions.m</string>
			<key>path</key>
			<string>ThirdParty/NoodleKit/NSIndexSet-NoodleExtensions.m</string>
			<key>sourceTree</key>
			<string>&lt;group&gt;</string>
		</dict>
		<key>507D8AD216D7A35600BDA412</key>
		<dict>
			<key>fileEncoding</key>
			<string>4</string>
			<key>isa</key>
			<string>PBXFileReference</string>
			<key>lastKnownFileType</key>
			<string>sourcecode.c.h</string>
			<key>name</key>
			<string>NSObject-NoodlePerformWhenIdle.h</string>
			<key>path</key>
			<string>ThirdParty/NoodleKit/NSObject-NoodlePerformWhenIdle.h</string>
			<key>sourceTree</key>
			<string>&lt;group&gt;</string>
		</dict>
		<key>507D8AD316D7A35600BDA412</key>
		<dict>
			<key>fileEncoding</key>
			<string>4</string>
			<key>isa</key>
			<string>PBXFileReference</string>
			<key>lastKnownFileType</key>
			<string>sourcecode.c.objc</string>
			<key>name</key>
			<string>NSObject-NoodlePerformWhenIdle.m</string>
			<key>path</key>
			<string>ThirdParty/NoodleKit/NSObject-NoodlePerformWhenIdle.m</string>
			<key>sourceTree</key>
			<string>&lt;group&gt;</string>
		</dict>
		<key>507D8AD416D7A35600BDA412</key>
		<dict>
			<key>fileEncoding</key>
			<string>4</string>
			<key>isa</key>
			<string>PBXFileReference</string>
			<key>lastKnownFileType</key>
			<string>sourcecode.c.h</string>
			<key>name</key>
			<string>NSResponder-NoodleModalExtensions.h</string>
			<key>path</key>
			<string>ThirdParty/NoodleKit/NSResponder-NoodleModalExtensions.h</string>
			<key>sourceTree</key>
			<string>&lt;group&gt;</string>
		</dict>
		<key>507D8AD516D7A35600BDA412</key>
		<dict>
			<key>fileEncoding</key>
			<string>4</string>
			<key>isa</key>
			<string>PBXFileReference</string>
			<key>lastKnownFileType</key>
			<string>sourcecode.c.objc</string>
			<key>name</key>
			<string>NSResponder-NoodleModalExtensions.m</string>
			<key>path</key>
			<string>ThirdParty/NoodleKit/NSResponder-NoodleModalExtensions.m</string>
			<key>sourceTree</key>
			<string>&lt;group&gt;</string>
		</dict>
		<key>507D8AD616D7A35600BDA412</key>
		<dict>
			<key>fileEncoding</key>
			<string>4</string>
			<key>isa</key>
			<string>PBXFileReference</string>
			<key>lastKnownFileType</key>
			<string>sourcecode.c.h</string>
			<key>name</key>
			<string>NSTableView-NoodleExtensions.h</string>
			<key>path</key>
			<string>ThirdParty/NoodleKit/NSTableView-NoodleExtensions.h</string>
			<key>sourceTree</key>
			<string>&lt;group&gt;</string>
		</dict>
		<key>507D8AD716D7A35600BDA412</key>
		<dict>
			<key>fileEncoding</key>
			<string>4</string>
			<key>isa</key>
			<string>PBXFileReference</string>
			<key>lastKnownFileType</key>
			<string>sourcecode.c.objc</string>
			<key>name</key>
			<string>NSTableView-NoodleExtensions.m</string>
			<key>path</key>
			<string>ThirdParty/NoodleKit/NSTableView-NoodleExtensions.m</string>
			<key>sourceTree</key>
			<string>&lt;group&gt;</string>
		</dict>
		<key>507D8AD816D7A35600BDA412</key>
		<dict>
			<key>fileEncoding</key>
			<string>4</string>
			<key>isa</key>
			<string>PBXFileReference</string>
			<key>lastKnownFileType</key>
			<string>sourcecode.c.h</string>
			<key>name</key>
			<string>NSTimer-NoodleExtensions.h</string>
			<key>path</key>
			<string>ThirdParty/NoodleKit/NSTimer-NoodleExtensions.h</string>
			<key>sourceTree</key>
			<string>&lt;group&gt;</string>
		</dict>
		<key>507D8AD916D7A35600BDA412</key>
		<dict>
			<key>fileEncoding</key>
			<string>4</string>
			<key>isa</key>
			<string>PBXFileReference</string>
			<key>lastKnownFileType</key>
			<string>sourcecode.c.objc</string>
			<key>name</key>
			<string>NSTimer-NoodleExtensions.m</string>
			<key>path</key>
			<string>ThirdParty/NoodleKit/NSTimer-NoodleExtensions.m</string>
			<key>sourceTree</key>
			<string>&lt;group&gt;</string>
		</dict>
		<key>507D8ADA16D7A35600BDA412</key>
		<dict>
			<key>fileEncoding</key>
			<string>4</string>
			<key>isa</key>
			<string>PBXFileReference</string>
			<key>lastKnownFileType</key>
			<string>sourcecode.c.h</string>
			<key>name</key>
			<string>NSWindow-NoodleEffects.h</string>
			<key>path</key>
			<string>ThirdParty/NoodleKit/NSWindow-NoodleEffects.h</string>
			<key>sourceTree</key>
			<string>&lt;group&gt;</string>
		</dict>
		<key>507D8ADB16D7A35600BDA412</key>
		<dict>
			<key>fileEncoding</key>
			<string>4</string>
			<key>isa</key>
			<string>PBXFileReference</string>
			<key>lastKnownFileType</key>
			<string>sourcecode.c.objc</string>
			<key>name</key>
			<string>NSWindow-NoodleEffects.m</string>
			<key>path</key>
			<string>ThirdParty/NoodleKit/NSWindow-NoodleEffects.m</string>
			<key>sourceTree</key>
			<string>&lt;group&gt;</string>
		</dict>
		<key>507D8ADC16D7A35600BDA412</key>
		<dict>
			<key>fileRef</key>
			<string>507D8AC316D7A35600BDA412</string>
			<key>isa</key>
			<string>PBXBuildFile</string>
		</dict>
		<key>507D8ADD16D7A35600BDA412</key>
		<dict>
			<key>fileRef</key>
			<string>507D8AC516D7A35600BDA412</string>
			<key>isa</key>
			<string>PBXBuildFile</string>
		</dict>
		<key>507D8ADE16D7A35600BDA412</key>
		<dict>
			<key>fileRef</key>
			<string>507D8AC716D7A35600BDA412</string>
			<key>isa</key>
			<string>PBXBuildFile</string>
		</dict>
		<key>507D8ADF16D7A35600BDA412</key>
		<dict>
			<key>fileRef</key>
			<string>507D8AC916D7A35600BDA412</string>
			<key>isa</key>
			<string>PBXBuildFile</string>
		</dict>
		<key>507D8AE016D7A35600BDA412</key>
		<dict>
			<key>fileRef</key>
			<string>507D8ACB16D7A35600BDA412</string>
			<key>isa</key>
			<string>PBXBuildFile</string>
		</dict>
		<key>507D8AE116D7A35600BDA412</key>
		<dict>
			<key>fileRef</key>
			<string>507D8ACD16D7A35600BDA412</string>
			<key>isa</key>
			<string>PBXBuildFile</string>
		</dict>
		<key>507D8AE216D7A35600BDA412</key>
		<dict>
			<key>fileRef</key>
			<string>507D8ACF16D7A35600BDA412</string>
			<key>isa</key>
			<string>PBXBuildFile</string>
		</dict>
		<key>507D8AE316D7A35600BDA412</key>
		<dict>
			<key>fileRef</key>
			<string>507D8AD116D7A35600BDA412</string>
			<key>isa</key>
			<string>PBXBuildFile</string>
		</dict>
		<key>507D8AE416D7A35600BDA412</key>
		<dict>
			<key>fileRef</key>
			<string>507D8AD316D7A35600BDA412</string>
			<key>isa</key>
			<string>PBXBuildFile</string>
		</dict>
		<key>507D8AE516D7A35600BDA412</key>
		<dict>
			<key>fileRef</key>
			<string>507D8AD516D7A35600BDA412</string>
			<key>isa</key>
			<string>PBXBuildFile</string>
		</dict>
		<key>507D8AE616D7A35600BDA412</key>
		<dict>
			<key>fileRef</key>
			<string>507D8AD716D7A35600BDA412</string>
			<key>isa</key>
			<string>PBXBuildFile</string>
		</dict>
		<key>507D8AE716D7A35600BDA412</key>
		<dict>
			<key>fileRef</key>
			<string>507D8AD916D7A35600BDA412</string>
			<key>isa</key>
			<string>PBXBuildFile</string>
		</dict>
		<key>507D8AE816D7A35600BDA412</key>
		<dict>
			<key>fileRef</key>
			<string>507D8ADB16D7A35600BDA412</string>
			<key>isa</key>
			<string>PBXBuildFile</string>
		</dict>
		<key>6E574CE4FA105BD3B85BAEFA</key>
		<dict>
			<key>buildActionMask</key>
			<string>2147483647</string>
			<key>files</key>
			<array/>
			<key>inputPaths</key>
			<array/>
			<key>isa</key>
			<string>PBXShellScriptBuildPhase</string>
			<key>name</key>
			<string>Copy Pods Resources</string>
			<key>outputPaths</key>
			<array/>
			<key>runOnlyForDeploymentPostprocessing</key>
			<string>0</string>
			<key>shellPath</key>
			<string>/bin/sh</string>
			<key>shellScript</key>
			<string>"${SRCROOT}/Pods/Target Support Files/Pods-RESTtest/Pods-RESTtest-resources.sh"
</string>
			<key>showEnvVarsInLog</key>
			<string>0</string>
		</dict>
		<key>8DA9E1F4A8DBC38BBA3512F7</key>
		<dict>
			<key>children</key>
			<array>
				<string>F0B8954E1F1216993862B3B9</string>
				<string>CD01AC91449049A2D9EE491C</string>
			</array>
			<key>isa</key>
			<string>PBXGroup</string>
			<key>name</key>
			<string>Pods</string>
			<key>sourceTree</key>
			<string>&lt;group&gt;</string>
		</dict>
		<key>9D21E885134D730C00CF2C80</key>
		<dict>
			<key>fileEncoding</key>
			<string>4</string>
			<key>isa</key>
			<string>PBXFileReference</string>
			<key>lastKnownFileType</key>
			<string>text.plist.xml</string>
			<key>path</key>
			<string>RESTtest-Info.plist</string>
			<key>sourceTree</key>
			<string>&lt;group&gt;</string>
		</dict>
		<key>9D3E5F481662B2540064A39C</key>
		<dict>
			<key>isa</key>
			<string>PBXFileReference</string>
			<key>lastKnownFileType</key>
			<string>folder.iconset</string>
			<key>name</key>
			<string>Icon.iconset</string>
			<key>path</key>
			<string>SupportingFiles/Icon.iconset</string>
			<key>sourceTree</key>
			<string>&lt;group&gt;</string>
		</dict>
		<key>9D3E5F491662B2540064A39C</key>
		<dict>
			<key>fileRef</key>
			<string>9D3E5F481662B2540064A39C</string>
			<key>isa</key>
			<string>PBXBuildFile</string>
		</dict>
		<key>9D3E5F4A1662B38C0064A39C</key>
		<dict>
			<key>isa</key>
			<string>PBXFileReference</string>
			<key>lastKnownFileType</key>
			<string>image.icns</string>
			<key>name</key>
			<string>Icon.icns</string>
			<key>path</key>
			<string>SupportingFiles/Icon.icns</string>
			<key>sourceTree</key>
			<string>&lt;group&gt;</string>
		</dict>
		<key>9D3E5F4B1662B38C0064A39C</key>
		<dict>
			<key>fileRef</key>
			<string>9D3E5F4A1662B38C0064A39C</string>
			<key>isa</key>
			<string>PBXBuildFile</string>
		</dict>
		<key>9D50DFE91662CA8C006D4746</key>
		<dict>
			<key>isa</key>
			<string>PBXFileReference</string>
			<key>lastKnownFileType</key>
			<string>text.xml</string>
			<key>path</key>
			<string>RESTtest.entitlements</string>
			<key>sourceTree</key>
			<string>&lt;group&gt;</string>
		</dict>
		<key>9D50DFEB1662E9A7006D4746</key>
		<dict>
			<key>children</key>
			<array>
				<string>D4B4893216CC36350095D359</string>
				<string>9D50DFEC1662E9AC006D4746</string>
			</array>
			<key>isa</key>
			<string>PBXGroup</string>
			<key>name</key>
			<string>Lib</string>
			<key>sourceTree</key>
			<string>&lt;group&gt;</string>
		</dict>
		<key>9D50DFEC1662E9AC006D4746</key>
		<dict>
			<key>children</key>
			<array>
				<string>9D50DFED1662E9E8006D4746</string>
				<string>9D50DFEE1662E9E8006D4746</string>
				<string>9D50DFEF1662E9E8006D4746</string>
				<string>9D50DFF01662E9E8006D4746</string>
				<string>9D50DFF11662E9E8006D4746</string>
				<string>9D50DFF21662E9E8006D4746</string>
				<string>9D50DFF31662E9E8006D4746</string>
				<string>9D50DFF41662E9E8006D4746</string>
				<string>9D50DFF51662E9E8006D4746</string>
				<string>9D50DFF61662E9E8006D4746</string>
				<string>9D50DFF71662E9E8006D4746</string>
				<string>9D50DFF81662E9E8006D4746</string>
				<string>9D50DFF91662E9E8006D4746</string>
				<string>9D50DFFA1662E9E8006D4746</string>
				<string>9D50DFFB1662E9E8006D4746</string>
				<string>9D50DFFC1662E9E8006D4746</string>
				<string>9D50DFFD1662E9E8006D4746</string>
				<string>9D50DFFE1662E9E8006D4746</string>
				<string>9D50DFFF1662E9E8006D4746</string>
				<string>9D50E0001662E9E8006D4746</string>
				<string>9D50E0011662E9E8006D4746</string>
				<string>9D50E0021662E9E8006D4746</string>
				<string>9D50E0031662E9E8006D4746</string>
				<string>9D50E0041662E9E8006D4746</string>
				<string>9D50E0051662E9E8006D4746</string>
			</array>
			<key>isa</key>
			<string>PBXGroup</string>
			<key>name</key>
			<string>SBJSON</string>
			<key>sourceTree</key>
			<string>&lt;group&gt;</string>
		</dict>
		<key>9D50DFED1662E9E8006D4746</key>
		<dict>
			<key>fileEncoding</key>
			<string>4</string>
			<key>isa</key>
			<string>PBXFileReference</string>
			<key>lastKnownFileType</key>
			<string>sourcecode.c.h</string>
			<key>name</key>
			<string>NSObject+SBJson.h</string>
			<key>path</key>
			<string>SupportingFiles/Lib/SBJSON/NSObject+SBJson.h</string>
			<key>sourceTree</key>
			<string>&lt;group&gt;</string>
		</dict>
		<key>9D50DFEE1662E9E8006D4746</key>
		<dict>
			<key>fileEncoding</key>
			<string>4</string>
			<key>isa</key>
			<string>PBXFileReference</string>
			<key>lastKnownFileType</key>
			<string>sourcecode.c.objc</string>
			<key>name</key>
			<string>NSObject+SBJson.m</string>
			<key>path</key>
			<string>SupportingFiles/Lib/SBJSON/NSObject+SBJson.m</string>
			<key>sourceTree</key>
			<string>&lt;group&gt;</string>
		</dict>
		<key>9D50DFEF1662E9E8006D4746</key>
		<dict>
			<key>fileEncoding</key>
			<string>4</string>
			<key>isa</key>
			<string>PBXFileReference</string>
			<key>lastKnownFileType</key>
			<string>sourcecode.c.h</string>
			<key>name</key>
			<string>SBJson.h</string>
			<key>path</key>
			<string>SupportingFiles/Lib/SBJSON/SBJson.h</string>
			<key>sourceTree</key>
			<string>&lt;group&gt;</string>
		</dict>
		<key>9D50DFF01662E9E8006D4746</key>
		<dict>
			<key>fileEncoding</key>
			<string>4</string>
			<key>isa</key>
			<string>PBXFileReference</string>
			<key>lastKnownFileType</key>
			<string>sourcecode.c.h</string>
			<key>name</key>
			<string>SBJsonParser.h</string>
			<key>path</key>
			<string>SupportingFiles/Lib/SBJSON/SBJsonParser.h</string>
			<key>sourceTree</key>
			<string>&lt;group&gt;</string>
		</dict>
		<key>9D50DFF11662E9E8006D4746</key>
		<dict>
			<key>fileEncoding</key>
			<string>4</string>
			<key>isa</key>
			<string>PBXFileReference</string>
			<key>lastKnownFileType</key>
			<string>sourcecode.c.objc</string>
			<key>name</key>
			<string>SBJsonParser.m</string>
			<key>path</key>
			<string>SupportingFiles/Lib/SBJSON/SBJsonParser.m</string>
			<key>sourceTree</key>
			<string>&lt;group&gt;</string>
		</dict>
		<key>9D50DFF21662E9E8006D4746</key>
		<dict>
			<key>fileEncoding</key>
			<string>4</string>
			<key>isa</key>
			<string>PBXFileReference</string>
			<key>lastKnownFileType</key>
			<string>sourcecode.c.h</string>
			<key>name</key>
			<string>SBJsonStreamParser.h</string>
			<key>path</key>
			<string>SupportingFiles/Lib/SBJSON/SBJsonStreamParser.h</string>
			<key>sourceTree</key>
			<string>&lt;group&gt;</string>
		</dict>
		<key>9D50DFF31662E9E8006D4746</key>
		<dict>
			<key>fileEncoding</key>
			<string>4</string>
			<key>isa</key>
			<string>PBXFileReference</string>
			<key>lastKnownFileType</key>
			<string>sourcecode.c.objc</string>
			<key>name</key>
			<string>SBJsonStreamParser.m</string>
			<key>path</key>
			<string>SupportingFiles/Lib/SBJSON/SBJsonStreamParser.m</string>
			<key>sourceTree</key>
			<string>&lt;group&gt;</string>
		</dict>
		<key>9D50DFF41662E9E8006D4746</key>
		<dict>
			<key>fileEncoding</key>
			<string>4</string>
			<key>isa</key>
			<string>PBXFileReference</string>
			<key>lastKnownFileType</key>
			<string>sourcecode.c.h</string>
			<key>name</key>
			<string>SBJsonStreamParserAccumulator.h</string>
			<key>path</key>
			<string>SupportingFiles/Lib/SBJSON/SBJsonStreamParserAccumulator.h</string>
			<key>sourceTree</key>
			<string>&lt;group&gt;</string>
		</dict>
		<key>9D50DFF51662E9E8006D4746</key>
		<dict>
			<key>fileEncoding</key>
			<string>4</string>
			<key>isa</key>
			<string>PBXFileReference</string>
			<key>lastKnownFileType</key>
			<string>sourcecode.c.objc</string>
			<key>name</key>
			<string>SBJsonStreamParserAccumulator.m</string>
			<key>path</key>
			<string>SupportingFiles/Lib/SBJSON/SBJsonStreamParserAccumulator.m</string>
			<key>sourceTree</key>
			<string>&lt;group&gt;</string>
		</dict>
		<key>9D50DFF61662E9E8006D4746</key>
		<dict>
			<key>fileEncoding</key>
			<string>4</string>
			<key>isa</key>
			<string>PBXFileReference</string>
			<key>lastKnownFileType</key>
			<string>sourcecode.c.h</string>
			<key>name</key>
			<string>SBJsonStreamParserAdapter.h</string>
			<key>path</key>
			<string>SupportingFiles/Lib/SBJSON/SBJsonStreamParserAdapter.h</string>
			<key>sourceTree</key>
			<string>&lt;group&gt;</string>
		</dict>
		<key>9D50DFF71662E9E8006D4746</key>
		<dict>
			<key>fileEncoding</key>
			<string>4</string>
			<key>isa</key>
			<string>PBXFileReference</string>
			<key>lastKnownFileType</key>
			<string>sourcecode.c.objc</string>
			<key>name</key>
			<string>SBJsonStreamParserAdapter.m</string>
			<key>path</key>
			<string>SupportingFiles/Lib/SBJSON/SBJsonStreamParserAdapter.m</string>
			<key>sourceTree</key>
			<string>&lt;group&gt;</string>
		</dict>
		<key>9D50DFF81662E9E8006D4746</key>
		<dict>
			<key>fileEncoding</key>
			<string>4</string>
			<key>isa</key>
			<string>PBXFileReference</string>
			<key>lastKnownFileType</key>
			<string>sourcecode.c.h</string>
			<key>name</key>
			<string>SBJsonStreamParserState.h</string>
			<key>path</key>
			<string>SupportingFiles/Lib/SBJSON/SBJsonStreamParserState.h</string>
			<key>sourceTree</key>
			<string>&lt;group&gt;</string>
		</dict>
		<key>9D50DFF91662E9E8006D4746</key>
		<dict>
			<key>fileEncoding</key>
			<string>4</string>
			<key>isa</key>
			<string>PBXFileReference</string>
			<key>lastKnownFileType</key>
			<string>sourcecode.c.objc</string>
			<key>name</key>
			<string>SBJsonStreamParserState.m</string>
			<key>path</key>
			<string>SupportingFiles/Lib/SBJSON/SBJsonStreamParserState.m</string>
			<key>sourceTree</key>
			<string>&lt;group&gt;</string>
		</dict>
		<key>9D50DFFA1662E9E8006D4746</key>
		<dict>
			<key>fileEncoding</key>
			<string>4</string>
			<key>isa</key>
			<string>PBXFileReference</string>
			<key>lastKnownFileType</key>
			<string>sourcecode.c.h</string>
			<key>name</key>
			<string>SBJsonStreamWriter.h</string>
			<key>path</key>
			<string>SupportingFiles/Lib/SBJSON/SBJsonStreamWriter.h</string>
			<key>sourceTree</key>
			<string>&lt;group&gt;</string>
		</dict>
		<key>9D50DFFB1662E9E8006D4746</key>
		<dict>
			<key>fileEncoding</key>
			<string>4</string>
			<key>isa</key>
			<string>PBXFileReference</string>
			<key>lastKnownFileType</key>
			<string>sourcecode.c.objc</string>
			<key>name</key>
			<string>SBJsonStreamWriter.m</string>
			<key>path</key>
			<string>SupportingFiles/Lib/SBJSON/SBJsonStreamWriter.m</string>
			<key>sourceTree</key>
			<string>&lt;group&gt;</string>
		</dict>
		<key>9D50DFFC1662E9E8006D4746</key>
		<dict>
			<key>fileEncoding</key>
			<string>4</string>
			<key>isa</key>
			<string>PBXFileReference</string>
			<key>lastKnownFileType</key>
			<string>sourcecode.c.h</string>
			<key>name</key>
			<string>SBJsonStreamWriterAccumulator.h</string>
			<key>path</key>
			<string>SupportingFiles/Lib/SBJSON/SBJsonStreamWriterAccumulator.h</string>
			<key>sourceTree</key>
			<string>&lt;group&gt;</string>
		</dict>
		<key>9D50DFFD1662E9E8006D4746</key>
		<dict>
			<key>fileEncoding</key>
			<string>4</string>
			<key>isa</key>
			<string>PBXFileReference</string>
			<key>lastKnownFileType</key>
			<string>sourcecode.c.objc</string>
			<key>name</key>
			<string>SBJsonStreamWriterAccumulator.m</string>
			<key>path</key>
			<string>SupportingFiles/Lib/SBJSON/SBJsonStreamWriterAccumulator.m</string>
			<key>sourceTree</key>
			<string>&lt;group&gt;</string>
		</dict>
		<key>9D50DFFE1662E9E8006D4746</key>
		<dict>
			<key>fileEncoding</key>
			<string>4</string>
			<key>isa</key>
			<string>PBXFileReference</string>
			<key>lastKnownFileType</key>
			<string>sourcecode.c.h</string>
			<key>name</key>
			<string>SBJsonStreamWriterState.h</string>
			<key>path</key>
			<string>SupportingFiles/Lib/SBJSON/SBJsonStreamWriterState.h</string>
			<key>sourceTree</key>
			<string>&lt;group&gt;</string>
		</dict>
		<key>9D50DFFF1662E9E8006D4746</key>
		<dict>
			<key>fileEncoding</key>
			<string>4</string>
			<key>isa</key>
			<string>PBXFileReference</string>
			<key>lastKnownFileType</key>
			<string>sourcecode.c.objc</string>
			<key>name</key>
			<string>SBJsonStreamWriterState.m</string>
			<key>path</key>
			<string>SupportingFiles/Lib/SBJSON/SBJsonStreamWriterState.m</string>
			<key>sourceTree</key>
			<string>&lt;group&gt;</string>
		</dict>
		<key>9D50E0001662E9E8006D4746</key>
		<dict>
			<key>fileEncoding</key>
			<string>4</string>
			<key>isa</key>
			<string>PBXFileReference</string>
			<key>lastKnownFileType</key>
			<string>sourcecode.c.h</string>
			<key>name</key>
			<string>SBJsonTokeniser.h</string>
			<key>path</key>
			<string>SupportingFiles/Lib/SBJSON/SBJsonTokeniser.h</string>
			<key>sourceTree</key>
			<string>&lt;group&gt;</string>
		</dict>
		<key>9D50E0011662E9E8006D4746</key>
		<dict>
			<key>fileEncoding</key>
			<string>4</string>
			<key>isa</key>
			<string>PBXFileReference</string>
			<key>lastKnownFileType</key>
			<string>sourcecode.c.objc</string>
			<key>name</key>
			<string>SBJsonTokeniser.m</string>
			<key>path</key>
			<string>SupportingFiles/Lib/SBJSON/SBJsonTokeniser.m</string>
			<key>sourceTree</key>
			<string>&lt;group&gt;</string>
		</dict>
		<key>9D50E0021662E9E8006D4746</key>
		<dict>
			<key>fileEncoding</key>
			<string>4</string>
			<key>isa</key>
			<string>PBXFileReference</string>
			<key>lastKnownFileType</key>
			<string>sourcecode.c.h</string>
			<key>name</key>
			<string>SBJsonUTF8Stream.h</string>
			<key>path</key>
			<string>SupportingFiles/Lib/SBJSON/SBJsonUTF8Stream.h</string>
			<key>sourceTree</key>
			<string>&lt;group&gt;</string>
		</dict>
		<key>9D50E0031662E9E8006D4746</key>
		<dict>
			<key>fileEncoding</key>
			<string>4</string>
			<key>isa</key>
			<string>PBXFileReference</string>
			<key>lastKnownFileType</key>
			<string>sourcecode.c.objc</string>
			<key>name</key>
			<string>SBJsonUTF8Stream.m</string>
			<key>path</key>
			<string>SupportingFiles/Lib/SBJSON/SBJsonUTF8Stream.m</string>
			<key>sourceTree</key>
			<string>&lt;group&gt;</string>
		</dict>
		<key>9D50E0041662E9E8006D4746</key>
		<dict>
			<key>fileEncoding</key>
			<string>4</string>
			<key>isa</key>
			<string>PBXFileReference</string>
			<key>lastKnownFileType</key>
			<string>sourcecode.c.h</string>
			<key>name</key>
			<string>SBJsonWriter.h</string>
			<key>path</key>
			<string>SupportingFiles/Lib/SBJSON/SBJsonWriter.h</string>
			<key>sourceTree</key>
			<string>&lt;group&gt;</string>
		</dict>
		<key>9D50E0051662E9E8006D4746</key>
		<dict>
			<key>fileEncoding</key>
			<string>4</string>
			<key>isa</key>
			<string>PBXFileReference</string>
			<key>lastKnownFileType</key>
			<string>sourcecode.c.objc</string>
			<key>name</key>
			<string>SBJsonWriter.m</string>
			<key>path</key>
			<string>SupportingFiles/Lib/SBJSON/SBJsonWriter.m</string>
			<key>sourceTree</key>
			<string>&lt;group&gt;</string>
		</dict>
		<key>9D50E0061662E9E8006D4746</key>
		<dict>
			<key>fileRef</key>
			<string>9D50DFEE1662E9E8006D4746</string>
			<key>isa</key>
			<string>PBXBuildFile</string>
		</dict>
		<key>9D50E0071662E9E8006D4746</key>
		<dict>
			<key>fileRef</key>
			<string>9D50DFF11662E9E8006D4746</string>
			<key>isa</key>
			<string>PBXBuildFile</string>
		</dict>
		<key>9D50E0081662E9E8006D4746</key>
		<dict>
			<key>fileRef</key>
			<string>9D50DFF31662E9E8006D4746</string>
			<key>isa</key>
			<string>PBXBuildFile</string>
		</dict>
		<key>9D50E0091662E9E8006D4746</key>
		<dict>
			<key>fileRef</key>
			<string>9D50DFF51662E9E8006D4746</string>
			<key>isa</key>
			<string>PBXBuildFile</string>
		</dict>
		<key>9D50E00A1662E9E8006D4746</key>
		<dict>
			<key>fileRef</key>
			<string>9D50DFF71662E9E8006D4746</string>
			<key>isa</key>
			<string>PBXBuildFile</string>
		</dict>
		<key>9D50E00B1662E9E8006D4746</key>
		<dict>
			<key>fileRef</key>
			<string>9D50DFF91662E9E8006D4746</string>
			<key>isa</key>
			<string>PBXBuildFile</string>
		</dict>
		<key>9D50E00C1662E9E8006D4746</key>
		<dict>
			<key>fileRef</key>
			<string>9D50DFFB1662E9E8006D4746</string>
			<key>isa</key>
			<string>PBXBuildFile</string>
		</dict>
		<key>9D50E00D1662E9E8006D4746</key>
		<dict>
			<key>fileRef</key>
			<string>9D50DFFD1662E9E8006D4746</string>
			<key>isa</key>
			<string>PBXBuildFile</string>
		</dict>
		<key>9D50E00E1662E9E8006D4746</key>
		<dict>
			<key>fileRef</key>
			<string>9D50DFFF1662E9E8006D4746</string>
			<key>isa</key>
			<string>PBXBuildFile</string>
		</dict>
		<key>9D50E00F1662E9E8006D4746</key>
		<dict>
			<key>fileRef</key>
			<string>9D50E0011662E9E8006D4746</string>
			<key>isa</key>
			<string>PBXBuildFile</string>
		</dict>
		<key>9D50E0101662E9E8006D4746</key>
		<dict>
			<key>fileRef</key>
			<string>9D50E0031662E9E8006D4746</string>
			<key>isa</key>
			<string>PBXBuildFile</string>
		</dict>
		<key>9D50E0111662E9E8006D4746</key>
		<dict>
			<key>fileRef</key>
			<string>9D50E0051662E9E8006D4746</string>
			<key>isa</key>
			<string>PBXBuildFile</string>
		</dict>
		<key>9DADE05C1662F17C007FE9CD</key>
		<dict>
			<key>fileRef</key>
			<string>9DDCF4DB134D4DCF00643F87</string>
			<key>isa</key>
			<string>PBXBuildFile</string>
		</dict>
		<key>9DADE05D1662F246007FE9CD</key>
		<dict>
			<key>fileRef</key>
			<string>9DDCF4E0134D4DCF00643F87</string>
			<key>isa</key>
			<string>PBXBuildFile</string>
		</dict>
		<key>9DDCF4CC134D4DCF00643F87</key>
		<dict>
			<key>children</key>
			<array>
				<string>9DDCF4E1134D4DCF00643F87</string>
				<string>9DDCF4DA134D4DCF00643F87</string>
				<string>9DDCF4D8134D4DCF00643F87</string>
				<string>8DA9E1F4A8DBC38BBA3512F7</string>
			</array>
			<key>isa</key>
			<string>PBXGroup</string>
			<key>sourceTree</key>
			<string>&lt;group&gt;</string>
		</dict>
		<key>9DDCF4CE134D4DCF00643F87</key>
		<dict>
			<key>attributes</key>
			<dict>
				<key>LastUpgradeCheck</key>
				<string>0450</string>
			</dict>
			<key>buildConfigurationList</key>
			<string>9DDCF4D1134D4DCF00643F87</string>
			<key>compatibilityVersion</key>
			<string>Xcode 3.2</string>
			<key>developmentRegion</key>
			<string>English</string>
			<key>hasScannedForEncodings</key>
			<string>0</string>
			<key>isa</key>
			<string>PBXProject</string>
			<key>knownRegions</key>
			<array>
				<string>en</string>
			</array>
			<key>mainGroup</key>
			<string>9DDCF4CC134D4DCF00643F87</string>
			<key>productRefGroup</key>
			<string>9DDCF4D8134D4DCF00643F87</string>
			<key>projectDirPath</key>
			<string></string>
			<key>projectReferences</key>
			<array/>
			<key>projectRoot</key>
			<string></string>
			<key>targets</key>
			<array>
				<string>9DDCF4D6134D4DCF00643F87</string>
			</array>
		</dict>
		<key>9DDCF4D1134D4DCF00643F87</key>
		<dict>
			<key>buildConfigurations</key>
			<array>
				<string>9DDCF4F6134D4DD000643F87</string>
				<string>9DDCF4F7134D4DD000643F87</string>
			</array>
			<key>defaultConfigurationIsVisible</key>
			<string>0</string>
			<key>defaultConfigurationName</key>
			<string>Release</string>
			<key>isa</key>
			<string>XCConfigurationList</string>
		</dict>
		<key>9DDCF4D3134D4DCF00643F87</key>
		<dict>
			<key>buildActionMask</key>
			<string>2147483647</string>
			<key>files</key>
			<array>
				<string>9DDCF4EF134D4DD000643F87</string>
				<string>9DDCF517134D713600643F87</string>
				<string>9DDCF52A134D729000643F87</string>
				<string>9D50E0061662E9E8006D4746</string>
				<string>9D50E0071662E9E8006D4746</string>
				<string>9D50E0081662E9E8006D4746</string>
				<string>9D50E0091662E9E8006D4746</string>
				<string>9D50E00A1662E9E8006D4746</string>
				<string>9D50E00B1662E9E8006D4746</string>
				<string>9D50E00C1662E9E8006D4746</string>
				<string>9D50E00D1662E9E8006D4746</string>
				<string>9D50E00E1662E9E8006D4746</string>
				<string>9D50E00F1662E9E8006D4746</string>
				<string>9D50E0101662E9E8006D4746</string>
				<string>9D50E0111662E9E8006D4746</string>
				<string>507D8ADC16D7A35600BDA412</string>
				<string>507D8ADD16D7A35600BDA412</string>
				<string>507D8ADE16D7A35600BDA412</string>
				<string>507D8ADF16D7A35600BDA412</string>
				<string>507D8AE016D7A35600BDA412</string>
				<string>507D8AE116D7A35600BDA412</string>
				<string>507D8AE216D7A35600BDA412</string>
				<string>507D8AE316D7A35600BDA412</string>
				<string>507D8AE416D7A35600BDA412</string>
				<string>507D8AE516D7A35600BDA412</string>
				<string>507D8AE616D7A35600BDA412</string>
				<string>507D8AE716D7A35600BDA412</string>
				<string>507D8AE816D7A35600BDA412</string>
			</array>
			<key>isa</key>
			<string>PBXSourcesBuildPhase</string>
			<key>runOnlyForDeploymentPostprocessing</key>
			<string>0</string>
		</dict>
		<key>9DDCF4D4134D4DCF00643F87</key>
		<dict>
			<key>buildActionMask</key>
			<string>2147483647</string>
			<key>files</key>
			<array>
				<string>D456E28E1A49D94100F4BB21</string>
				<string>9DADE05D1662F246007FE9CD</string>
				<string>9DADE05C1662F17C007FE9CD</string>
				<string>ED77DA004A17F7AF978345BA</string>
			</array>
			<key>isa</key>
			<string>PBXFrameworksBuildPhase</string>
			<key>runOnlyForDeploymentPostprocessing</key>
			<string>0</string>
		</dict>
		<key>9DDCF4D5134D4DCF00643F87</key>
		<dict>
			<key>buildActionMask</key>
			<string>2147483647</string>
			<key>files</key>
			<array>
				<string>9DE590E116C6A10D00F751F3</string>
				<string>9DDCF4E6134D4DD000643F87</string>
				<string>9DDCF4F2134D4DD000643F87</string>
				<string>9DDCF4F5134D4DD000643F87</string>
				<string>9DDCF51E134D718C00643F87</string>
				<string>9DDCF522134D718C00643F87</string>
				<string>9D3E5F491662B2540064A39C</string>
				<string>9D3E5F4B1662B38C0064A39C</string>
			</array>
			<key>isa</key>
			<string>PBXResourcesBuildPhase</string>
			<key>runOnlyForDeploymentPostprocessing</key>
			<string>0</string>
		</dict>
		<key>9DDCF4D6134D4DCF00643F87</key>
		<dict>
			<key>buildConfigurationList</key>
			<string>9DDCF4F8134D4DD000643F87</string>
			<key>buildPhases</key>
			<array>
				<string>24D7CB7C0DF38C46CF09E2D7</string>
				<string>9DDCF4D3134D4DCF00643F87</string>
				<string>9DDCF4D4134D4DCF00643F87</string>
				<string>9DDCF4D5134D4DCF00643F87</string>
				<string>6E574CE4FA105BD3B85BAEFA</string>
			</array>
			<key>buildRules</key>
			<array/>
			<key>dependencies</key>
			<array/>
			<key>isa</key>
			<string>PBXNativeTarget</string>
			<key>name</key>
			<string>RESTtest</string>
			<key>productName</key>
			<string>RESTtest</string>
			<key>productReference</key>
			<string>9DDCF4D7134D4DCF00643F87</string>
			<key>productType</key>
			<string>com.apple.product-type.application</string>
		</dict>
		<key>9DDCF4D7134D4DCF00643F87</key>
		<dict>
			<key>explicitFileType</key>
			<string>wrapper.application</string>
			<key>includeInIndex</key>
			<string>0</string>
			<key>isa</key>
			<string>PBXFileReference</string>
			<key>path</key>
			<string>RESTtest.app</string>
			<key>sourceTree</key>
			<string>BUILT_PRODUCTS_DIR</string>
		</dict>
		<key>9DDCF4D8134D4DCF00643F87</key>
		<dict>
			<key>children</key>
			<array>
				<string>9DDCF4D7134D4DCF00643F87</string>
			</array>
			<key>isa</key>
			<string>PBXGroup</string>
			<key>name</key>
			<string>Products</string>
			<key>sourceTree</key>
			<string>&lt;group&gt;</string>
		</dict>
		<key>9DDCF4DA134D4DCF00643F87</key>
		<dict>
			<key>children</key>
			<array>
				<string>D456E28D1A49D94100F4BB21</string>
				<string>9DDCF4DB134D4DCF00643F87</string>
				<string>9DDCF4DD134D4DCF00643F87</string>
				<string>2C52C2D3A5AC0B016DF86803</string>
			</array>
			<key>isa</key>
			<string>PBXGroup</string>
			<key>name</key>
			<string>Frameworks</string>
			<key>sourceTree</key>
			<string>&lt;group&gt;</string>
		</dict>
		<key>9DDCF4DB134D4DCF00643F87</key>
		<dict>
			<key>isa</key>
			<string>PBXFileReference</string>
			<key>lastKnownFileType</key>
			<string>wrapper.framework</string>
			<key>name</key>
			<string>Cocoa.framework</string>
			<key>path</key>
			<string>System/Library/Frameworks/Cocoa.framework</string>
			<key>sourceTree</key>
			<string>SDKROOT</string>
		</dict>
		<key>9DDCF4DD134D4DCF00643F87</key>
		<dict>
			<key>children</key>
			<array>
				<string>9DDCF4DE134D4DCF00643F87</string>
				<string>9DDCF4DF134D4DCF00643F87</string>
				<string>9DDCF4E0134D4DCF00643F87</string>
			</array>
			<key>isa</key>
			<string>PBXGroup</string>
			<key>name</key>
			<string>Other Frameworks</string>
			<key>sourceTree</key>
			<string>&lt;group&gt;</string>
		</dict>
		<key>9DDCF4DE134D4DCF00643F87</key>
		<dict>
			<key>isa</key>
			<string>PBXFileReference</string>
			<key>lastKnownFileType</key>
			<string>wrapper.framework</string>
			<key>name</key>
			<string>AppKit.framework</string>
			<key>path</key>
			<string>System/Library/Frameworks/AppKit.framework</string>
			<key>sourceTree</key>
			<string>SDKROOT</string>
		</dict>
		<key>9DDCF4DF134D4DCF00643F87</key>
		<dict>
			<key>isa</key>
			<string>PBXFileReference</string>
			<key>lastKnownFileType</key>
			<string>wrapper.framework</string>
			<key>name</key>
			<string>CoreData.framework</string>
			<key>path</key>
			<string>System/Library/Frameworks/CoreData.framework</string>
			<key>sourceTree</key>
			<string>SDKROOT</string>
		</dict>
		<key>9DDCF4E0134D4DCF00643F87</key>
		<dict>
			<key>isa</key>
			<string>PBXFileReference</string>
			<key>lastKnownFileType</key>
			<string>wrapper.framework</string>
			<key>name</key>
			<string>Foundation.framework</string>
			<key>path</key>
			<string>System/Library/Frameworks/Foundation.framework</string>
			<key>sourceTree</key>
			<string>SDKROOT</string>
		</dict>
		<key>9DDCF4E1134D4DCF00643F87</key>
		<dict>
			<key>children</key>
			<array>
				<string>507D8AC016D7A2F700BDA412</string>
				<string>9D50DFE91662CA8C006D4746</string>
				<string>9DDCF503134D510600643F87</string>
				<string>9DDCF4ED134D4DD000643F87</string>
				<string>9DDCF4EE134D4DD000643F87</string>
				<string>9DDCF4F0134D4DD000643F87</string>
				<string>9DDCF4F3134D4DD000643F87</string>
				<string>9DDCF4E2134D4DD000643F87</string>
			</array>
			<key>isa</key>
			<string>PBXGroup</string>
			<key>path</key>
			<string>RESTtest</string>
			<key>sourceTree</key>
			<string>&lt;group&gt;</string>
		</dict>
		<key>9DDCF4E2134D4DD000643F87</key>
		<dict>
			<key>children</key>
			<array>
				<string>9D50DFEB1662E9A7006D4746</string>
				<string>9D3E5F4A1662B38C0064A39C</string>
				<string>9D3E5F481662B2540064A39C</string>
				<string>9DDCF51D134D718C00643F87</string>
				<string>9DDCF518134D718C00643F87</string>
				<string>9DDCF527134D729000643F87</string>
				<string>9D21E885134D730C00CF2C80</string>
				<string>9DDCF529134D729000643F87</string>
				<string>9DDCF4E4134D4DD000643F87</string>
			</array>
			<key>isa</key>
			<string>PBXGroup</string>
			<key>name</key>
			<string>Supporting Files</string>
			<key>sourceTree</key>
			<string>&lt;group&gt;</string>
		</dict>
		<key>9DDCF4E4134D4DD000643F87</key>
		<dict>
			<key>children</key>
			<array>
				<string>9DDCF4E5134D4DD000643F87</string>
			</array>
			<key>isa</key>
			<string>PBXVariantGroup</string>
			<key>name</key>
			<string>InfoPlist.strings</string>
			<key>sourceTree</key>
			<string>&lt;group&gt;</string>
		</dict>
		<key>9DDCF4E5134D4DD000643F87</key>
		<dict>
			<key>isa</key>
			<string>PBXFileReference</string>
			<key>lastKnownFileType</key>
			<string>text.plist.strings</string>
			<key>name</key>
			<string>en</string>
			<key>path</key>
			<string>en.lproj/InfoPlist.strings</string>
			<key>sourceTree</key>
			<string>&lt;group&gt;</string>
		</dict>
		<key>9DDCF4E6134D4DD000643F87</key>
		<dict>
			<key>fileRef</key>
			<string>9DDCF4E4134D4DD000643F87</string>
			<key>isa</key>
			<string>PBXBuildFile</string>
		</dict>
		<key>9DDCF4ED134D4DD000643F87</key>
		<dict>
			<key>isa</key>
			<string>PBXFileReference</string>
			<key>lastKnownFileType</key>
			<string>sourcecode.c.h</string>
			<key>path</key>
			<string>Servicer.h</string>
			<key>sourceTree</key>
			<string>&lt;group&gt;</string>
		</dict>
		<key>9DDCF4EE134D4DD000643F87</key>
		<dict>
			<key>isa</key>
			<string>PBXFileReference</string>
			<key>lastKnownFileType</key>
			<string>sourcecode.c.objc</string>
			<key>path</key>
			<string>Servicer.m</string>
			<key>sourceTree</key>
			<string>&lt;group&gt;</string>
		</dict>
		<key>9DDCF4EF134D4DD000643F87</key>
		<dict>
			<key>fileRef</key>
			<string>9DDCF4EE134D4DD000643F87</string>
			<key>isa</key>
			<string>PBXBuildFile</string>
		</dict>
		<key>9DDCF4F0134D4DD000643F87</key>
		<dict>
			<key>children</key>
			<array>
				<string>9DDCF4F1134D4DD000643F87</string>
			</array>
			<key>isa</key>
			<string>PBXVariantGroup</string>
			<key>name</key>
			<string>Servicer.xib</string>
			<key>sourceTree</key>
			<string>&lt;group&gt;</string>
		</dict>
		<key>9DDCF4F1134D4DD000643F87</key>
		<dict>
			<key>isa</key>
			<string>PBXFileReference</string>
			<key>lastKnownFileType</key>
			<string>file.xib</string>
			<key>name</key>
			<string>en</string>
			<key>path</key>
			<string>en.lproj/Servicer.xib</string>
			<key>sourceTree</key>
			<string>&lt;group&gt;</string>
		</dict>
		<key>9DDCF4F2134D4DD000643F87</key>
		<dict>
			<key>fileRef</key>
			<string>9DDCF4F0134D4DD000643F87</string>
			<key>isa</key>
			<string>PBXBuildFile</string>
		</dict>
		<key>9DDCF4F3134D4DD000643F87</key>
		<dict>
			<key>children</key>
			<array>
				<string>9DDCF4F4134D4DD000643F87</string>
			</array>
			<key>isa</key>
			<string>PBXVariantGroup</string>
			<key>name</key>
			<string>MainMenu.xib</string>
			<key>sourceTree</key>
			<string>&lt;group&gt;</string>
		</dict>
		<key>9DDCF4F4134D4DD000643F87</key>
		<dict>
			<key>isa</key>
			<string>PBXFileReference</string>
			<key>lastKnownFileType</key>
			<string>file.xib</string>
			<key>name</key>
			<string>en</string>
			<key>path</key>
			<string>en.lproj/MainMenu.xib</string>
			<key>sourceTree</key>
			<string>&lt;group&gt;</string>
		</dict>
		<key>9DDCF4F5134D4DD000643F87</key>
		<dict>
			<key>fileRef</key>
			<string>9DDCF4F3134D4DD000643F87</string>
			<key>isa</key>
			<string>PBXBuildFile</string>
		</dict>
		<key>9DDCF4F6134D4DD000643F87</key>
		<dict>
			<key>buildSettings</key>
			<dict>
				<key>ARCHS</key>
				<string>$(ARCHS_STANDARD_32_64_BIT)</string>
				<key>CODE_SIGN_IDENTITY</key>
				<string></string>
				<key>GCC_C_LANGUAGE_STANDARD</key>
				<string>gnu99</string>
				<key>GCC_OPTIMIZATION_LEVEL</key>
				<string>0</string>
				<key>GCC_PREPROCESSOR_DEFINITIONS</key>
				<string>DEBUG</string>
				<key>GCC_SYMBOLS_PRIVATE_EXTERN</key>
				<string>NO</string>
				<key>GCC_VERSION</key>
				<string>com.apple.compilers.llvm.clang.1_0</string>
				<key>GCC_WARN_64_TO_32_BIT_CONVERSION</key>
				<string>YES</string>
				<key>GCC_WARN_ABOUT_RETURN_TYPE</key>
				<string>YES</string>
				<key>GCC_WARN_UNUSED_VARIABLE</key>
				<string>YES</string>
				<key>MACOSX_DEPLOYMENT_TARGET</key>
				<string>10.6</string>
				<key>ONLY_ACTIVE_ARCH</key>
				<string>YES</string>
				<key>SDKROOT</key>
				<string>macosx</string>
			</dict>
			<key>isa</key>
			<string>XCBuildConfiguration</string>
			<key>name</key>
			<string>Debug</string>
		</dict>
		<key>9DDCF4F7134D4DD000643F87</key>
		<dict>
			<key>buildSettings</key>
			<dict>
				<key>ARCHS</key>
				<string>$(ARCHS_STANDARD_32_64_BIT)</string>
				<key>CODE_SIGN_IDENTITY</key>
				<string>Mac Developer</string>
				<key>GCC_C_LANGUAGE_STANDARD</key>
				<string>gnu99</string>
				<key>GCC_VERSION</key>
				<string>com.apple.compilers.llvm.clang.1_0</string>
				<key>GCC_WARN_64_TO_32_BIT_CONVERSION</key>
				<string>YES</string>
				<key>GCC_WARN_ABOUT_RETURN_TYPE</key>
				<string>YES</string>
				<key>GCC_WARN_UNUSED_VARIABLE</key>
				<string>YES</string>
				<key>MACOSX_DEPLOYMENT_TARGET</key>
				<string>10.6</string>
				<key>PROVISIONING_PROFILE</key>
				<string></string>
				<key>SDKROOT</key>
				<string>macosx</string>
			</dict>
			<key>isa</key>
			<string>XCBuildConfiguration</string>
			<key>name</key>
			<string>Release</string>
		</dict>
		<key>9DDCF4F8134D4DD000643F87</key>
		<dict>
			<key>buildConfigurations</key>
			<array>
				<string>9DDCF4F9134D4DD000643F87</string>
				<string>9DDCF4FA134D4DD000643F87</string>
			</array>
			<key>defaultConfigurationIsVisible</key>
			<string>0</string>
			<key>defaultConfigurationName</key>
			<string>Release</string>
			<key>isa</key>
			<string>XCConfigurationList</string>
		</dict>
		<key>9DDCF4F9134D4DD000643F87</key>
		<dict>
			<key>baseConfigurationReference</key>
			<string>F0B8954E1F1216993862B3B9</string>
			<key>buildSettings</key>
			<dict>
				<key>ALWAYS_SEARCH_USER_PATHS</key>
				<string>NO</string>
				<key>ARCHS</key>
				<string>$(ARCHS_STANDARD_64_BIT)</string>
				<key>CODE_SIGN_ENTITLEMENTS</key>
				<string>RESTtest/RESTtest.entitlements</string>
				<key>COMBINE_HIDPI_IMAGES</key>
				<string>YES</string>
				<key>COPY_PHASE_STRIP</key>
				<string>NO</string>
				<key>FRAMEWORK_SEARCH_PATHS</key>
				<array>
					<string>$(inherited)</string>
					<string>"$(SRCROOT)/../../Desktop"</string>
				</array>
				<key>GCC_DYNAMIC_NO_PIC</key>
				<string>NO</string>
				<key>GCC_ENABLE_OBJC_EXCEPTIONS</key>
				<string>YES</string>
				<key>GCC_PRECOMPILE_PREFIX_HEADER</key>
				<string>YES</string>
				<key>GCC_PREFIX_HEADER</key>
				<string>RESTtest/RESTtest-Prefix.pch</string>
				<key>INFOPLIST_FILE</key>
				<string>RESTtest/RESTtest-Info.plist</string>
				<key>PRODUCT_NAME</key>
				<string>$(TARGET_NAME)</string>
				<key>WRAPPER_EXTENSION</key>
				<string>app</string>
			</dict>
			<key>isa</key>
			<string>XCBuildConfiguration</string>
			<key>name</key>
			<string>Debug</string>
		</dict>
		<key>9DDCF4FA134D4DD000643F87</key>
		<dict>
			<key>baseConfigurationReference</key>
			<string>CD01AC91449049A2D9EE491C</string>
			<key>buildSettings</key>
			<dict>
				<key>ALWAYS_SEARCH_USER_PATHS</key>
				<string>NO</string>
				<key>ARCHS</key>
				<string>$(ARCHS_STANDARD_64_BIT)</string>
				<key>CODE_SIGN_ENTITLEMENTS</key>
				<string>RESTtest/RESTtest.entitlements</string>
				<key>CODE_SIGN_IDENTITY</key>
				<string>Mac Developer</string>
				<key>COMBINE_HIDPI_IMAGES</key>
				<string>YES</string>
				<key>COPY_PHASE_STRIP</key>
				<string>YES</string>
				<key>DEBUG_INFORMATION_FORMAT</key>
				<string>dwarf-with-dsym</string>
				<key>FRAMEWORK_SEARCH_PATHS</key>
				<array>
					<string>$(inherited)</string>
					<string>"$(SRCROOT)/../../Desktop"</string>
				</array>
				<key>GCC_ENABLE_OBJC_EXCEPTIONS</key>
				<string>YES</string>
				<key>GCC_PRECOMPILE_PREFIX_HEADER</key>
				<string>YES</string>
				<key>GCC_PREFIX_HEADER</key>
				<string>RESTtest/RESTtest-Prefix.pch</string>
				<key>INFOPLIST_FILE</key>
				<string>RESTtest/RESTtest-Info.plist</string>
				<key>PRODUCT_NAME</key>
				<string>$(TARGET_NAME)</string>
				<key>PROVISIONING_PROFILE</key>
				<string></string>
				<key>WRAPPER_EXTENSION</key>
				<string>app</string>
			</dict>
			<key>isa</key>
			<string>XCBuildConfiguration</string>
			<key>name</key>
			<string>Release</string>
		</dict>
		<key>9DDCF503134D510600643F87</key>
		<dict>
			<key>children</key>
			<array>
				<string>9DDCF515134D713600643F87</string>
				<string>9DDCF516134D713600643F87</string>
			</array>
			<key>isa</key>
			<string>PBXGroup</string>
			<key>name</key>
			<string>Models</string>
			<key>sourceTree</key>
			<string>&lt;group&gt;</string>
		</dict>
		<key>9DDCF515134D713600643F87</key>
		<dict>
			<key>fileEncoding</key>
			<string>4</string>
			<key>isa</key>
			<string>PBXFileReference</string>
			<key>lastKnownFileType</key>
			<string>sourcecode.c.h</string>
			<key>name</key>
			<string>HttpHeader.h</string>
			<key>path</key>
			<string>Models/HttpHeader.h</string>
			<key>sourceTree</key>
			<string>&lt;group&gt;</string>
		</dict>
		<key>9DDCF516134D713600643F87</key>
		<dict>
			<key>fileEncoding</key>
			<string>4</string>
			<key>isa</key>
			<string>PBXFileReference</string>
			<key>lastKnownFileType</key>
			<string>sourcecode.c.objc</string>
			<key>name</key>
			<string>HttpHeader.m</string>
			<key>path</key>
			<string>Models/HttpHeader.m</string>
			<key>sourceTree</key>
			<string>&lt;group&gt;</string>
		</dict>
		<key>9DDCF517134D713600643F87</key>
		<dict>
			<key>fileRef</key>
			<string>9DDCF516134D713600643F87</string>
			<key>isa</key>
			<string>PBXBuildFile</string>
		</dict>
		<key>9DDCF518134D718C00643F87</key>
		<dict>
			<key>fileEncoding</key>
			<string>4</string>
			<key>isa</key>
			<string>PBXFileReference</string>
			<key>lastKnownFileType</key>
			<string>text.rtf</string>
			<key>name</key>
			<string>Credits.rtf</string>
			<key>path</key>
			<string>SupportingFiles/Credits.rtf</string>
			<key>sourceTree</key>
			<string>&lt;group&gt;</string>
		</dict>
		<key>9DDCF51D134D718C00643F87</key>
		<dict>
			<key>isa</key>
			<string>PBXFileReference</string>
			<key>lastKnownFileType</key>
			<string>folder</string>
			<key>name</key>
			<string>RESTtestHelp</string>
			<key>path</key>
			<string>SupportingFiles/RESTtestHelp</string>
			<key>sourceTree</key>
			<string>&lt;group&gt;</string>
		</dict>
		<key>9DDCF51E134D718C00643F87</key>
		<dict>
			<key>fileRef</key>
			<string>9DDCF518134D718C00643F87</string>
			<key>isa</key>
			<string>PBXBuildFile</string>
		</dict>
		<key>9DDCF522134D718C00643F87</key>
		<dict>
			<key>fileRef</key>
			<string>9DDCF51D134D718C00643F87</string>
			<key>isa</key>
			<string>PBXBuildFile</string>
		</dict>
		<key>9DDCF527134D729000643F87</key>
		<dict>
			<key>fileEncoding</key>
			<string>4</string>
			<key>isa</key>
			<string>PBXFileReference</string>
			<key>lastKnownFileType</key>
			<string>sourcecode.c.objc</string>
			<key>path</key>
			<string>main.m</string>
			<key>sourceTree</key>
			<string>&lt;group&gt;</string>
		</dict>
		<key>9DDCF529134D729000643F87</key>
		<dict>
			<key>fileEncoding</key>
			<string>4</string>
			<key>isa</key>
			<string>PBXFileReference</string>
			<key>lastKnownFileType</key>
			<string>sourcecode.c.h</string>
			<key>path</key>
			<string>RESTtest-Prefix.pch</string>
			<key>sourceTree</key>
			<string>&lt;group&gt;</string>
		</dict>
		<key>9DDCF52A134D729000643F87</key>
		<dict>
			<key>fileRef</key>
			<string>9DDCF527134D729000643F87</string>
			<key>isa</key>
			<string>PBXBuildFile</string>
		</dict>
		<key>9DE590E116C6A10D00F751F3</key>
		<dict>
			<key>fileRef</key>
			<string>9D50DFE91662CA8C006D4746</string>
			<key>isa</key>
			<string>PBXBuildFile</string>
		</dict>
		<key>CD01AC91449049A2D9EE491C</key>
		<dict>
			<key>includeInIndex</key>
			<string>1</string>
			<key>isa</key>
			<string>PBXFileReference</string>
			<key>lastKnownFileType</key>
			<string>text.xcconfig</string>
			<key>name</key>
			<string>Pods-RESTtest.release.xcconfig</string>
			<key>path</key>
			<string>Pods/Target Support Files/Pods-RESTtest/Pods-RESTtest.release.xcconfig</string>
			<key>sourceTree</key>
			<string>&lt;group&gt;</string>
		</dict>
		<key>D456E28D1A49D94100F4BB21</key>
		<dict>
			<key>isa</key>
			<string>PBXFileReference</string>
			<key>lastKnownFileType</key>
			<string>compiled.mach-o.dylib</string>
			<key>name</key>
			<string>libcrypto.dylib</string>
			<key>path</key>
			<string>usr/lib/libcrypto.dylib</string>
			<key>sourceTree</key>
			<string>SDKROOT</string>
		</dict>
		<key>D456E28E1A49D94100F4BB21</key>
		<dict>
			<key>fileRef</key>
			<string>D456E28D1A49D94100F4BB21</string>
			<key>isa</key>
			<string>PBXBuildFile</string>
		</dict>
		<key>D4B4893216CC36350095D359</key>
		<dict>
			<key>children</key>
			<array>
				<string>D4B4893316CC36430095D359</string>
				<string>D4B4893416CC36430095D359</string>
				<string>D4B4893516CC36430095D359</string>
				<string>D4B4893616CC36430095D359</string>
				<string>D4B4893716CC36430095D359</string>
				<string>D4B4893816CC36430095D359</string>
				<string>D4B4893916CC36430095D359</string>
				<string>D4B4893A16CC36430095D359</string>
				<string>D4B4893B16CC36430095D359</string>
				<string>D4B4893C16CC36430095D359</string>
				<string>D4B4893D16CC36430095D359</string>
				<string>D4B4893E16CC36430095D359</string>
				<string>D4B4893F16CC36430095D359</string>
				<string>D4B4894016CC36430095D359</string>
				<string>D4B4894116CC36430095D359</string>
				<string>D4B4894216CC36430095D359</string>
				<string>D4B4894316CC36430095D359</string>
				<string>D4B4894416CC36430095D359</string>
				<string>D4B4894516CC36430095D359</string>
				<string>D4B4894616CC36430095D359</string>
				<string>D4B4894716CC36430095D359</string>
				<string>D4B4894816CC36430095D359</string>
				<string>D4B4894916CC36430095D359</string>
				<string>D4B4894A16CC36430095D359</string>
				<string>D4B4894B16CC36430095D359</string>
				<string>D4B4894C16CC36430095D359</string>
			</array>
			<key>isa</key>
			<string>PBXGroup</string>
			<key>name</key>
			<string>NoodleKit</string>
			<key>sourceTree</key>
			<string>&lt;group&gt;</string>
		</dict>
		<key>D4B4893316CC36430095D359</key>
		<dict>
			<key>fileEncoding</key>
			<string>4</string>
			<key>isa</key>
			<string>PBXFileReference</string>
			<key>lastKnownFileType</key>
			<string>sourcecode.c.h</string>
			<key>path</key>
			<string>NSObject-NoodlePerformWhenIdle.h</string>
			<key>sourceTree</key>
			<string>&lt;group&gt;</string>
		</dict>
		<key>D4B4893416CC36430095D359</key>
		<dict>
			<key>fileEncoding</key>
			<string>4</string>
			<key>isa</key>
			<string>PBXFileReference</string>
			<key>lastKnownFileType</key>
			<string>sourcecode.c.objc</string>
			<key>path</key>
			<string>NSObject-NoodlePerformWhenIdle.m</string>
			<key>sourceTree</key>
			<string>&lt;group&gt;</string>
		</dict>
		<key>D4B4893516CC36430095D359</key>
		<dict>
			<key>fileEncoding</key>
			<string>4</string>
			<key>isa</key>
			<string>PBXFileReference</string>
			<key>lastKnownFileType</key>
			<string>sourcecode.c.h</string>
			<key>path</key>
			<string>NSIndexSet-NoodleExtensions.h</string>
			<key>sourceTree</key>
			<string>&lt;group&gt;</string>
		</dict>
		<key>D4B4893616CC36430095D359</key>
		<dict>
			<key>fileEncoding</key>
			<string>4</string>
			<key>isa</key>
			<string>PBXFileReference</string>
			<key>lastKnownFileType</key>
			<string>sourcecode.c.objc</string>
			<key>path</key>
			<string>NSIndexSet-NoodleExtensions.m</string>
			<key>sourceTree</key>
			<string>&lt;group&gt;</string>
		</dict>
		<key>D4B4893716CC36430095D359</key>
		<dict>
			<key>fileEncoding</key>
			<string>4</string>
			<key>isa</key>
			<string>PBXFileReference</string>
			<key>lastKnownFileType</key>
			<string>sourcecode.c.h</string>
			<key>path</key>
			<string>NSResponder-NoodleModalExtensions.h</string>
			<key>sourceTree</key>
			<string>&lt;group&gt;</string>
		</dict>
		<key>D4B4893816CC36430095D359</key>
		<dict>
			<key>fileEncoding</key>
			<string>4</string>
			<key>isa</key>
			<string>PBXFileReference</string>
			<key>lastKnownFileType</key>
			<string>sourcecode.c.objc</string>
			<key>path</key>
			<string>NSResponder-NoodleModalExtensions.m</string>
			<key>sourceTree</key>
			<string>&lt;group&gt;</string>
		</dict>
		<key>D4B4893916CC36430095D359</key>
		<dict>
			<key>fileEncoding</key>
			<string>4</string>
			<key>isa</key>
			<string>PBXFileReference</string>
			<key>lastKnownFileType</key>
			<string>sourcecode.c.h</string>
			<key>path</key>
			<string>NSTimer-NoodleExtensions.h</string>
			<key>sourceTree</key>
			<string>&lt;group&gt;</string>
		</dict>
		<key>D4B4893A16CC36430095D359</key>
		<dict>
			<key>fileEncoding</key>
			<string>4</string>
			<key>isa</key>
			<string>PBXFileReference</string>
			<key>lastKnownFileType</key>
			<string>sourcecode.c.objc</string>
			<key>path</key>
			<string>NSTimer-NoodleExtensions.m</string>
			<key>sourceTree</key>
			<string>&lt;group&gt;</string>
		</dict>
		<key>D4B4893B16CC36430095D359</key>
		<dict>
			<key>fileEncoding</key>
			<string>4</string>
			<key>isa</key>
			<string>PBXFileReference</string>
			<key>lastKnownFileType</key>
			<string>sourcecode.c.h</string>
			<key>path</key>
			<string>NoodleGlue.h</string>
			<key>sourceTree</key>
			<string>&lt;group&gt;</string>
		</dict>
		<key>D4B4893C16CC36430095D359</key>
		<dict>
			<key>fileEncoding</key>
			<string>4</string>
			<key>isa</key>
			<string>PBXFileReference</string>
			<key>lastKnownFileType</key>
			<string>sourcecode.c.objc</string>
			<key>path</key>
			<string>NoodleGlue.m</string>
			<key>sourceTree</key>
			<string>&lt;group&gt;</string>
		</dict>
		<key>D4B4893D16CC36430095D359</key>
		<dict>
			<key>fileEncoding</key>
			<string>4</string>
			<key>isa</key>
			<string>PBXFileReference</string>
			<key>lastKnownFileType</key>
			<string>sourcecode.c.h</string>
			<key>path</key>
			<string>NSImage-NoodleExtensions.h</string>
			<key>sourceTree</key>
			<string>&lt;group&gt;</string>
		</dict>
		<key>D4B4893E16CC36430095D359</key>
		<dict>
			<key>fileEncoding</key>
			<string>4</string>
			<key>isa</key>
			<string>PBXFileReference</string>
			<key>lastKnownFileType</key>
			<string>sourcecode.c.objc</string>
			<key>path</key>
			<string>NSImage-NoodleExtensions.m</string>
			<key>sourceTree</key>
			<string>&lt;group&gt;</string>
		</dict>
		<key>D4B4893F16CC36430095D359</key>
		<dict>
			<key>fileEncoding</key>
			<string>4</string>
			<key>isa</key>
			<string>PBXFileReference</string>
			<key>lastKnownFileType</key>
			<string>sourcecode.c.h</string>
			<key>path</key>
			<string>NoodleCustomImageRep.h</string>
			<key>sourceTree</key>
			<string>&lt;group&gt;</string>
		</dict>
		<key>D4B4894016CC36430095D359</key>
		<dict>
			<key>fileEncoding</key>
			<string>4</string>
			<key>isa</key>
			<string>PBXFileReference</string>
			<key>lastKnownFileType</key>
			<string>sourcecode.c.objc</string>
			<key>path</key>
			<string>NoodleCustomImageRep.m</string>
			<key>sourceTree</key>
			<string>&lt;group&gt;</string>
		</dict>
		<key>D4B4894116CC36430095D359</key>
		<dict>
			<key>fileEncoding</key>
			<string>4</string>
			<key>isa</key>
			<string>PBXFileReference</string>
			<key>lastKnownFileType</key>
			<string>sourcecode.c.h</string>
			<key>path</key>
			<string>NSWindow-NoodleEffects.h</string>
			<key>sourceTree</key>
			<string>&lt;group&gt;</string>
		</dict>
		<key>D4B4894216CC36430095D359</key>
		<dict>
			<key>fileEncoding</key>
			<string>4</string>
			<key>isa</key>
			<string>PBXFileReference</string>
			<key>lastKnownFileType</key>
			<string>sourcecode.c.objc</string>
			<key>path</key>
			<string>NSWindow-NoodleEffects.m</string>
			<key>sourceTree</key>
			<string>&lt;group&gt;</string>
		</dict>
		<key>D4B4894316CC36430095D359</key>
		<dict>
			<key>fileEncoding</key>
			<string>4</string>
			<key>isa</key>
			<string>PBXFileReference</string>
			<key>lastKnownFileType</key>
			<string>sourcecode.c.h</string>
			<key>path</key>
			<string>NoodleLineNumberMarker.h</string>
			<key>sourceTree</key>
			<string>&lt;group&gt;</string>
		</dict>
		<key>D4B4894416CC36430095D359</key>
		<dict>
			<key>fileEncoding</key>
			<string>4</string>
			<key>isa</key>
			<string>PBXFileReference</string>
			<key>lastKnownFileType</key>
			<string>sourcecode.c.objc</string>
			<key>path</key>
			<string>NoodleLineNumberMarker.m</string>
			<key>sourceTree</key>
			<string>&lt;group&gt;</string>
		</dict>
		<key>D4B4894516CC36430095D359</key>
		<dict>
			<key>fileEncoding</key>
			<string>4</string>
			<key>isa</key>
			<string>PBXFileReference</string>
			<key>lastKnownFileType</key>
			<string>sourcecode.c.h</string>
			<key>path</key>
			<string>NoodleLineNumberView.h</string>
			<key>sourceTree</key>
			<string>&lt;group&gt;</string>
		</dict>
		<key>D4B4894616CC36430095D359</key>
		<dict>
			<key>fileEncoding</key>
			<string>4</string>
			<key>isa</key>
			<string>PBXFileReference</string>
			<key>lastKnownFileType</key>
			<string>sourcecode.c.objc</string>
			<key>path</key>
			<string>NoodleLineNumberView.m</string>
			<key>sourceTree</key>
			<string>&lt;group&gt;</string>
		</dict>
		<key>D4B4894716CC36430095D359</key>
		<dict>
			<key>fileEncoding</key>
			<string>4</string>
			<key>isa</key>
			<string>PBXFileReference</string>
			<key>lastKnownFileType</key>
			<string>sourcecode.c.h</string>
			<key>path</key>
			<string>NSTableView-NoodleExtensions.h</string>
			<key>sourceTree</key>
			<string>&lt;group&gt;</string>
		</dict>
		<key>D4B4894816CC36430095D359</key>
		<dict>
			<key>fileEncoding</key>
			<string>4</string>
			<key>isa</key>
			<string>PBXFileReference</string>
			<key>lastKnownFileType</key>
			<string>sourcecode.c.objc</string>
			<key>path</key>
			<string>NSTableView-NoodleExtensions.m</string>
			<key>sourceTree</key>
			<string>&lt;group&gt;</string>
		</dict>
		<key>D4B4894916CC36430095D359</key>
		<dict>
			<key>fileEncoding</key>
			<string>4</string>
			<key>isa</key>
			<string>PBXFileReference</string>
			<key>lastKnownFileType</key>
			<string>sourcecode.c.h</string>
			<key>path</key>
			<string>NoodleTableView.h</string>
			<key>sourceTree</key>
			<string>&lt;group&gt;</string>
		</dict>
		<key>D4B4894A16CC36430095D359</key>
		<dict>
			<key>fileEncoding</key>
			<string>4</string>
			<key>isa</key>
			<string>PBXFileReference</string>
			<key>lastKnownFileType</key>
			<string>sourcecode.c.objc</string>
			<key>path</key>
			<string>NoodleTableView.m</string>
			<key>sourceTree</key>
			<string>&lt;group&gt;</string>
		</dict>
		<key>D4B4894B16CC36430095D359</key>
		<dict>
			<key>fileEncoding</key>
			<string>4</string>
			<key>isa</key>
			<string>PBXFileReference</string>
			<key>lastKnownFileType</key>
			<string>sourcecode.c.h</string>
			<key>path</key>
			<string>NoodleIPhoneTableView.h</string>
			<key>sourceTree</key>
			<string>&lt;group&gt;</string>
		</dict>
		<key>D4B4894C16CC36430095D359</key>
		<dict>
			<key>fileEncoding</key>
			<string>4</string>
			<key>isa</key>
			<string>PBXFileReference</string>
			<key>lastKnownFileType</key>
			<string>sourcecode.c.objc</string>
			<key>path</key>
			<string>NoodleIPhoneTableView.m</string>
			<key>sourceTree</key>
			<string>&lt;group&gt;</string>
		</dict>
		<key>ED77DA004A17F7AF978345BA</key>
		<dict>
			<key>fileRef</key>
			<string>2C52C2D3A5AC0B016DF86803</string>
			<key>isa</key>
			<string>PBXBuildFile</string>
		</dict>
		<key>F0B8954E1F1216993862B3B9</key>
		<dict>
			<key>includeInIndex</key>
			<string>1</string>
			<key>isa</key>
			<string>PBXFileReference</string>
			<key>lastKnownFileType</key>
			<string>text.xcconfig</string>
			<key>name</key>
			<string>Pods-RESTtest.debug.xcconfig</string>
			<key>path</key>
			<string>Pods/Target Support Files/Pods-RESTtest/Pods-RESTtest.debug.xcconfig</string>
			<key>sourceTree</key>
			<string>&lt;group&gt;</string>
		</dict>
	</dict>
	<key>rootObject</key>
	<string>9DDCF4CE134D4DCF00643F87</string>
</dict>
</plist>
